<?xml version="1.0" encoding="utf-8"?>
<Project ToolsVersion="4.0" xmlns="http://schemas.microsoft.com/developer/msbuild/2003">
  <ItemGroup>
    <Filter Include="Source Files">
      <UniqueIdentifier>{4FC737F1-C7A5-4376-A066-2A32D752A2FF}</UniqueIdentifier>
      <Extensions>
      </Extensions>
    </Filter>
    <Filter Include="Resource Files">
      <UniqueIdentifier>{67DA6AB6-F800-4c08-8B7A-83BB121AAD01}</UniqueIdentifier>
      <Extensions>rc;ico;cur;bmp;dlg;rc2;rct;bin;rgs;gif;jpg;jpeg;jpe;resx;tiff;tif;png;wav;mfcribbon-ms</Extensions>
    </Filter>
    <Filter Include="Source Files\Math">
      <UniqueIdentifier>{cdcfbec1-6758-4d18-89de-1546c29dcb54}</UniqueIdentifier>
      <Extensions>
      </Extensions>
    </Filter>
    <Filter Include="Source Files\Utils">
      <UniqueIdentifier>{19683f4c-4184-4297-beb1-89194e53a76e}</UniqueIdentifier>
    </Filter>
    <Filter Include="Source Files\Log">
      <UniqueIdentifier>{93a3378a-c0a1-4f14-82d3-c1f794be7ce2}</UniqueIdentifier>
    </Filter>
    <Filter Include="Libraries">
      <UniqueIdentifier>{b2d44808-fa14-4884-a071-45fc9dc4ea23}</UniqueIdentifier>
    </Filter>
    <Filter Include="Libraries\TinyXml2">
      <UniqueIdentifier>{e1d54875-d09c-4596-9102-b0595d21b2c1}</UniqueIdentifier>
    </Filter>
    <Filter Include="Source Files\Elements">
      <UniqueIdentifier>{2459063b-987c-4adf-a505-637503563a49}</UniqueIdentifier>
    </Filter>
    <Filter Include="Source Files\Map">
      <UniqueIdentifier>{a1247f1a-4311-458f-8cfe-f6ff6cf14fb2}</UniqueIdentifier>
    </Filter>
    <Filter Include="Source Files\Commands">
      <UniqueIdentifier>{0c5f8023-08ed-4c5f-8b2e-ecaf0370a099}</UniqueIdentifier>
    </Filter>
    <Filter Include="Source Files\Console">
      <UniqueIdentifier>{af120244-74d8-42c7-a3b4-33a58245da37}</UniqueIdentifier>
    </Filter>
    <Filter Include="Source Files\Layers">
      <UniqueIdentifier>{44804ff4-fb42-435b-baa7-1e7181c20f46}</UniqueIdentifier>
    </Filter>
    <Filter Include="Source Files\EventListeners">
      <UniqueIdentifier>{fd4f7f97-4736-48af-8e3a-47384ca6612b}</UniqueIdentifier>
    </Filter>
  </ItemGroup>
  <ItemGroup>
    <ClCompile Include="..\src\Math\Coordinate.cpp">
      <Filter>Source Files\Math</Filter>
    </ClCompile>
    <ClCompile Include="..\src\Math\Random.cpp">
      <Filter>Source Files\Math</Filter>
    </ClCompile>
    <ClCompile Include="..\src\Math\Rectangle.cpp">
      <Filter>Source Files\Math</Filter>
    </ClCompile>
    <ClCompile Include="..\src\Math\Transformer.cpp">
      <Filter>Source Files\Math</Filter>
    </ClCompile>
    <ClCompile Include="..\src\Utils\OperatingSystem.cpp">
      <Filter>Source Files\Utils</Filter>
    </ClCompile>
    <ClCompile Include="..\src\Utils\StringUtils.cpp">
      <Filter>Source Files\Utils</Filter>
    </ClCompile>
    <ClCompile Include="..\src\Log\Logger.cpp">
      <Filter>Source Files\Log</Filter>
    </ClCompile>
    <ClCompile Include="..\src\Log\LogLevel.cpp">
      <Filter>Source Files\Log</Filter>
    </ClCompile>
    <ClCompile Include="..\src\Log\Log.cpp">
      <Filter>Source Files\Log</Filter>
    </ClCompile>
    <ClCompile Include="..\src\Command.cpp">
      <Filter>Source Files</Filter>
    </ClCompile>
    <ClCompile Include="..\src\CommandQueue.cpp">
      <Filter>Source Files</Filter>
    </ClCompile>
    <ClCompile Include="..\src\EventListener.cpp">
      <Filter>Source Files</Filter>
    </ClCompile>
    <ClCompile Include="..\src\Layer.cpp">
      <Filter>Source Files</Filter>
    </ClCompile>
    <ClCompile Include="..\src\LoopQuiter.cpp">
      <Filter>Source Files</Filter>
    </ClCompile>
    <ClCompile Include="..\libs\tinyxml2\tinyxml2.cpp">
      <Filter>Libraries\TinyXml2</Filter>
    </ClCompile>
    <ClCompile Include="..\src\Log\LoggerFactory.cpp">
      <Filter>Source Files\Log</Filter>
    </ClCompile>
    <ClCompile Include="..\src\Configuration.cpp">
      <Filter>Source Files</Filter>
    </ClCompile>
    <ClCompile Include="..\src\Timer.cpp">
      <Filter>Source Files</Filter>
    </ClCompile>
    <ClCompile Include="..\src\Texture.cpp">
      <Filter>Source Files</Filter>
    </ClCompile>
    <ClCompile Include="..\src\Color.cpp">
      <Filter>Source Files</Filter>
    </ClCompile>
    <ClCompile Include="..\src\Font.cpp">
      <Filter>Source Files</Filter>
    </ClCompile>
    <ClCompile Include="..\src\Elements\Bomb.cpp">
      <Filter>Source Files\Elements</Filter>
    </ClCompile>
    <ClCompile Include="..\src\Elements\Brick.cpp">
      <Filter>Source Files\Elements</Filter>
    </ClCompile>
    <ClCompile Include="..\src\Elements\Item.cpp">
      <Filter>Source Files\Elements</Filter>
    </ClCompile>
    <ClCompile Include="..\src\Elements\Player.cpp">
      <Filter>Source Files\Elements</Filter>
    </ClCompile>
    <ClCompile Include="..\src\Elements\Enemy.cpp">
      <Filter>Source Files\Elements</Filter>
    </ClCompile>
    <ClCompile Include="..\src\Elements\Explosion.cpp">
      <Filter>Source Files\Elements</Filter>
    </ClCompile>
    <ClCompile Include="..\src\Map\DummyTileMapBuilder.cpp">
      <Filter>Source Files\Map</Filter>
    </ClCompile>
    <ClCompile Include="..\src\Map\TileMap.cpp">
      <Filter>Source Files\Map</Filter>
    </ClCompile>
    <ClCompile Include="..\src\Map\TxtTileMapLoader.cpp">
      <Filter>Source Files\Map</Filter>
    </ClCompile>
    <ClCompile Include="..\src\Map\XmlTileMapLoader.cpp">
      <Filter>Source Files\Map</Filter>
    </ClCompile>
    <ClCompile Include="..\src\Commands\PlayerCommand.cpp">
      <Filter>Source Files\Commands</Filter>
    </ClCompile>
    <ClCompile Include="..\src\Commands\QuitCommand.cpp">
      <Filter>Source Files\Commands</Filter>
    </ClCompile>
    <ClCompile Include="..\src\CommandFactory.cpp">
      <Filter>Source Files</Filter>
    </ClCompile>
    <ClCompile Include="..\src\Console\First.cpp">
      <Filter>Source Files\Console</Filter>
    </ClCompile>
    <ClCompile Include="..\src\Console\Parser.cpp">
      <Filter>Source Files\Console</Filter>
    </ClCompile>
    <ClCompile Include="..\src\Console\Token.cpp">
      <Filter>Source Files\Console</Filter>
    </ClCompile>
    <ClCompile Include="..\src\Console\TokenFactory.cpp">
      <Filter>Source Files\Console</Filter>
    </ClCompile>
    <ClCompile Include="..\src\Layers\ConsoleLayer.cpp">
      <Filter>Source Files\Layers</Filter>
    </ClCompile>
    <ClCompile Include="..\src\Layers\GameLayer.cpp">
      <Filter>Source Files\Layers</Filter>
    </ClCompile>
    <ClCompile Include="..\src\Layers\HudLayer.cpp">
      <Filter>Source Files\Layers</Filter>
    </ClCompile>
    <ClCompile Include="..\src\Console.cpp">
      <Filter>Source Files</Filter>
    </ClCompile>
    <ClCompile Include="..\src\EventListeners\ConsoleEvents.cpp">
      <Filter>Source Files\EventListeners</Filter>
    </ClCompile>
    <ClCompile Include="..\src\EventListeners\PlayerEvents.cpp">
      <Filter>Source Files\EventListeners</Filter>
    </ClCompile>
    <ClCompile Include="..\src\Engine.cpp">
      <Filter>Source Files</Filter>
    </ClCompile>
    <ClCompile Include="..\src\MainLoop.cpp">
      <Filter>Source Files</Filter>
    </ClCompile>
    <ClCompile Include="..\src\Screen.cpp">
      <Filter>Source Files</Filter>
    </ClCompile>
    <ClCompile Include="..\src\main.cpp">
      <Filter>Source Files</Filter>
    </ClCompile>
  </ItemGroup>
  <ItemGroup>
    <ClInclude Include="..\src\Math\Coordinate.hpp">
      <Filter>Source Files\Math</Filter>
    </ClInclude>
    <ClInclude Include="..\src\Math\Matrix.hpp">
      <Filter>Source Files\Math</Filter>
    </ClInclude>
    <ClInclude Include="..\src\Math\Random.hpp">
      <Filter>Source Files\Math</Filter>
    </ClInclude>
    <ClInclude Include="..\src\Math\Rectangle.hpp">
      <Filter>Source Files\Math</Filter>
    </ClInclude>
    <ClInclude Include="..\src\Math\Transformer.hpp">
      <Filter>Source Files\Math</Filter>
    </ClInclude>
    <ClInclude Include="..\src\Utils\Exception.hpp">
      <Filter>Source Files\Utils</Filter>
    </ClInclude>
    <ClInclude Include="..\src\Utils\OperatingSystem.hpp">
      <Filter>Source Files\Utils</Filter>
    </ClInclude>
    <ClInclude Include="..\src\Utils\StringUtils.hpp">
      <Filter>Source Files\Utils</Filter>
    </ClInclude>
    <ClInclude Include="..\src\Utils\VectorUtils.hpp">
      <Filter>Source Files\Utils</Filter>
    </ClInclude>
    <ClInclude Include="..\src\Log\Logger.hpp">
      <Filter>Source Files\Log</Filter>
    </ClInclude>
    <ClInclude Include="..\src\Log\LogLevel.hpp">
      <Filter>Source Files\Log</Filter>
    </ClInclude>
    <ClInclude Include="..\src\Log\Log.hpp">
      <Filter>Source Files\Log</Filter>
    </ClInclude>
    <ClInclude Include="..\src\Command.hpp">
      <Filter>Source Files</Filter>
    </ClInclude>
    <ClInclude Include="..\src\CommandQueue.hpp">
      <Filter>Source Files</Filter>
    </ClInclude>
    <ClInclude Include="..\src\Constants.hpp">
      <Filter>Source Files</Filter>
    </ClInclude>
    <ClInclude Include="..\src\EventListener.hpp">
      <Filter>Source Files</Filter>
    </ClInclude>
    <ClInclude Include="..\src\Layer.hpp">
      <Filter>Source Files</Filter>
    </ClInclude>
    <ClInclude Include="..\src\LoopQuiter.hpp">
      <Filter>Source Files</Filter>
    </ClInclude>
    <ClInclude Include="..\src\Log\LoggerFactory.hpp">
      <Filter>Source Files\Log</Filter>
    </ClInclude>
    <ClInclude Include="..\src\Configuration.hpp">
      <Filter>Source Files</Filter>
    </ClInclude>
    <ClInclude Include="..\src\Timer.hpp">
      <Filter>Source Files</Filter>
    </ClInclude>
    <ClInclude Include="..\src\Texture.hpp">
      <Filter>Source Files</Filter>
    </ClInclude>
    <ClInclude Include="..\src\Color.hpp">
      <Filter>Source Files</Filter>
    </ClInclude>
    <ClInclude Include="..\src\Font.hpp">
      <Filter>Source Files</Filter>
    </ClInclude>
    <ClInclude Include="..\src\Elements\Bomb.hpp">
      <Filter>Source Files\Elements</Filter>
    </ClInclude>
    <ClInclude Include="..\src\Elements\Brick.hpp">
      <Filter>Source Files\Elements</Filter>
    </ClInclude>
    <ClInclude Include="..\src\Elements\Item.hpp">
      <Filter>Source Files\Elements</Filter>
    </ClInclude>
    <ClInclude Include="..\src\Elements\Player.hpp">
      <Filter>Source Files\Elements</Filter>
    </ClInclude>
    <ClInclude Include="..\src\Elements\Enemy.hpp">
      <Filter>Source Files\Elements</Filter>
    </ClInclude>
    <ClInclude Include="..\src\Elements\Explosion.hpp">
      <Filter>Source Files\Elements</Filter>
    </ClInclude>
    <ClInclude Include="..\src\Map\DummyTileMapBuilder.hpp">
      <Filter>Source Files\Map</Filter>
    </ClInclude>
    <ClInclude Include="..\src\Map\TileMap.hpp">
      <Filter>Source Files\Map</Filter>
    </ClInclude>
    <ClInclude Include="..\src\Map\TileMapBuilder.hpp">
      <Filter>Source Files\Map</Filter>
    </ClInclude>
    <ClInclude Include="..\src\Map\TxtTileMapLoader.hpp">
      <Filter>Source Files\Map</Filter>
    </ClInclude>
    <ClInclude Include="..\src\Map\XmlTileMapLoader.hpp">
      <Filter>Source Files\Map</Filter>
    </ClInclude>
    <ClInclude Include="..\src\Commands\PlayerCommand.hpp">
      <Filter>Source Files\Commands</Filter>
    </ClInclude>
    <ClInclude Include="..\src\Commands\QuitCommand.hpp">
      <Filter>Source Files\Commands</Filter>
    </ClInclude>
    <ClInclude Include="..\src\CommandFactory.hpp">
      <Filter>Source Files</Filter>
    </ClInclude>
    <ClInclude Include="..\src\Console\First.hpp">
      <Filter>Source Files\Console</Filter>
    </ClInclude>
    <ClInclude Include="..\src\Console\Parser.hpp">
      <Filter>Source Files\Console</Filter>
    </ClInclude>
    <ClInclude Include="..\src\Console\Token.hpp">
      <Filter>Source Files\Console</Filter>
    </ClInclude>
    <ClInclude Include="..\src\Console\TokenFactory.hpp">
      <Filter>Source Files\Console</Filter>
    </ClInclude>
    <ClInclude Include="..\src\Layers\ConsoleLayer.hpp">
      <Filter>Source Files\Layers</Filter>
    </ClInclude>
    <ClInclude Include="..\src\Layers\GameLayer.hpp">
      <Filter>Source Files\Layers</Filter>
    </ClInclude>
    <ClInclude Include="..\src\Layers\HudLayer.hpp">
      <Filter>Source Files\Layers</Filter>
    </ClInclude>
    <ClInclude Include="..\src\Console.hpp">
      <Filter>Source Files</Filter>
    </ClInclude>
    <ClInclude Include="..\src\EventListeners\ConsoleEvents.hpp">
      <Filter>Source Files\EventListeners</Filter>
    </ClInclude>
    <ClInclude Include="..\src\EventListeners\PlayerEvents.hpp">
      <Filter>Source Files\EventListeners</Filter>
    </ClInclude>
    <ClInclude Include="..\src\Engine.hpp">
      <Filter>Source Files</Filter>
    </ClInclude>
    <ClInclude Include="..\src\MainLoop.hpp">
      <Filter>Source Files</Filter>
    </ClInclude>
    <ClInclude Include="..\src\Screen.hpp">
      <Filter>Source Files</Filter>
    </ClInclude>
    <ClInclude Include="..\src\Log\LogSystem.h">
      <Filter>Source Files\Log</Filter>
    </ClInclude>
  </ItemGroup>
</Project>