<?xml version="1.0" encoding="utf-8"?>
<Project ToolsVersion="4.0" xmlns="http://schemas.microsoft.com/developer/msbuild/2003">
  <ItemGroup>
    <Filter Include="Source Files">
      <UniqueIdentifier>{4FC737F1-C7A5-4376-A066-2A32D752A2FF}</UniqueIdentifier>
      <Extensions>
      </Extensions>
    </Filter>
    <Filter Include="Resource Files">
      <UniqueIdentifier>{67DA6AB6-F800-4c08-8B7A-83BB121AAD01}</UniqueIdentifier>
      <Extensions>rc;ico;cur;bmp;dlg;rc2;rct;bin;rgs;gif;jpg;jpeg;jpe;resx;tiff;tif;png;wav;mfcribbon-ms</Extensions>
    </Filter>
    <Filter Include="Source Files\Math">
      <UniqueIdentifier>{cdcfbec1-6758-4d18-89de-1546c29dcb54}</UniqueIdentifier>
      <Extensions>
      </Extensions>
    </Filter>
    <Filter Include="Source Files\Utils">
      <UniqueIdentifier>{19683f4c-4184-4297-beb1-89194e53a76e}</UniqueIdentifier>
    </Filter>
    <Filter Include="Source Files\Log">
      <UniqueIdentifier>{93a3378a-c0a1-4f14-82d3-c1f794be7ce2}</UniqueIdentifier>
    </Filter>
    <Filter Include="Libraries">
      <UniqueIdentifier>{b2d44808-fa14-4884-a071-45fc9dc4ea23}</UniqueIdentifier>
    </Filter>
    <Filter Include="Libraries\TinyXml2">
      <UniqueIdentifier>{e1d54875-d09c-4596-9102-b0595d21b2c1}</UniqueIdentifier>
    </Filter>
  </ItemGroup>
  <ItemGroup>
    <ClCompile Include="..\src\Math\Coordinate.cpp">
      <Filter>Source Files\Math</Filter>
    </ClCompile>
    <ClCompile Include="..\src\Math\Random.cpp">
      <Filter>Source Files\Math</Filter>
    </ClCompile>
    <ClCompile Include="..\src\Math\Rectangle.cpp">
      <Filter>Source Files\Math</Filter>
    </ClCompile>
    <ClCompile Include="..\src\Math\Transformer.cpp">
      <Filter>Source Files\Math</Filter>
    </ClCompile>
    <ClCompile Include="..\src\Utils\OperatingSystem.cpp">
      <Filter>Source Files\Utils</Filter>
    </ClCompile>
    <ClCompile Include="..\src\Utils\StringUtils.cpp">
      <Filter>Source Files\Utils</Filter>
    </ClCompile>
    <ClCompile Include="..\src\Log\Logger.cpp">
      <Filter>Source Files\Log</Filter>
    </ClCompile>
    <ClCompile Include="..\src\Log\LogLevel.cpp">
      <Filter>Source Files\Log</Filter>
    </ClCompile>
    <ClCompile Include="..\src\Log\Log.cpp">
      <Filter>Source Files\Log</Filter>
    </ClCompile>
    <ClCompile Include="..\src\Command.cpp">
      <Filter>Source Files</Filter>
    </ClCompile>
    <ClCompile Include="..\src\CommandQueue.cpp">
      <Filter>Source Files</Filter>
    </ClCompile>
    <ClCompile Include="..\src\EventListener.cpp">
      <Filter>Source Files</Filter>
    </ClCompile>
    <ClCompile Include="..\src\Layer.cpp">
      <Filter>Source Files</Filter>
    </ClCompile>
    <ClCompile Include="..\src\LoopQuiter.cpp">
      <Filter>Source Files</Filter>
    </ClCompile>
    <ClCompile Include="..\libs\tinyxml2\tinyxml2.cpp">
      <Filter>Libraries\TinyXml2</Filter>
    </ClCompile>
    <ClCompile Include="..\src\Log\LoggerFactory.cpp">
      <Filter>Source Files\Log</Filter>
    </ClCompile>
    <ClCompile Include="..\src\Configuration.cpp">
      <Filter>Source Files</Filter>
    </ClCompile>
    <ClCompile Include="..\src\Timer.cpp">
      <Filter>Source Files</Filter>
    </ClCompile>
  </ItemGroup>
  <ItemGroup>
    <ClInclude Include="..\src\Math\Coordinate.hpp">
      <Filter>Source Files\Math</Filter>
    </ClInclude>
    <ClInclude Include="..\src\Math\Matrix.hpp">
      <Filter>Source Files\Math</Filter>
    </ClInclude>
    <ClInclude Include="..\src\Math\Random.hpp">
      <Filter>Source Files\Math</Filter>
    </ClInclude>
    <ClInclude Include="..\src\Math\Rectangle.hpp">
      <Filter>Source Files\Math</Filter>
    </ClInclude>
    <ClInclude Include="..\src\Math\Transformer.hpp">
      <Filter>Source Files\Math</Filter>
    </ClInclude>
    <ClInclude Include="..\src\Utils\Exception.hpp">
      <Filter>Source Files\Utils</Filter>
    </ClInclude>
    <ClInclude Include="..\src\Utils\OperatingSystem.hpp">
      <Filter>Source Files\Utils</Filter>
    </ClInclude>
    <ClInclude Include="..\src\Utils\StringUtils.hpp">
      <Filter>Source Files\Utils</Filter>
    </ClInclude>
    <ClInclude Include="..\src\Utils\VectorUtils.hpp">
      <Filter>Source Files\Utils</Filter>
    </ClInclude>
    <ClInclude Include="..\src\Log\Logger.hpp">
      <Filter>Source Files\Log</Filter>
    </ClInclude>
    <ClInclude Include="..\src\Log\LogLevel.hpp">
      <Filter>Source Files\Log</Filter>
    </ClInclude>
    <ClInclude Include="..\src\Log\Log.hpp">
      <Filter>Source Files\Log</Filter>
    </ClInclude>
    <ClInclude Include="..\src\Command.hpp">
      <Filter>Source Files</Filter>
    </ClInclude>
    <ClInclude Include="..\src\CommandQueue.hpp">
      <Filter>Source Files</Filter>
    </ClInclude>
    <ClInclude Include="..\src\Constants.hpp">
      <Filter>Source Files</Filter>
    </ClInclude>
    <ClInclude Include="..\src\EventListener.hpp">
      <Filter>Source Files</Filter>
    </ClInclude>
    <ClInclude Include="..\src\Layer.hpp">
      <Filter>Source Files</Filter>
    </ClInclude>
    <ClInclude Include="..\src\LoopQuiter.hpp">
      <Filter>Source Files</Filter>
    </ClInclude>
    <ClInclude Include="..\src\Log\LoggerFactory.hpp">
      <Filter>Source Files\Log</Filter>
    </ClInclude>
    <ClInclude Include="..\src\Configuration.hpp">
      <Filter>Source Files</Filter>
    </ClInclude>
    <ClInclude Include="..\src\Timer.hpp">
      <Filter>Source Files</Filter>
    </ClInclude>
  </ItemGroup>
  <ItemGroup>
    <None Include="..\src\Log\LogSystem.pch">
      <Filter>Source Files\Log</Filter>
    </None>
  </ItemGroup>
</Project>