// !$*UTF8*$!
{
	archiveVersion = 1;
	classes = {
	};
	objectVersion = 46;
	objects = {

/* Begin PBXBuildFile section */
		5B0022711A2BE5A7008805D9 /* Enemy.cpp in Sources */ = {isa = PBXBuildFile; fileRef = 5B00226F1A2BE5A7008805D9 /* Enemy.cpp */; };
		5B00227A1A2BEB8A008805D9 /* DummyTileMapBuilder.cpp in Sources */ = {isa = PBXBuildFile; fileRef = 5B0022781A2BEB8A008805D9 /* DummyTileMapBuilder.cpp */; };
		5B00227C1A2C05A8008805D9 /* enemy1.png in CopyFiles */ = {isa = PBXBuildFile; fileRef = 5B00227B1A2C0593008805D9 /* enemy1.png */; };
		5B00227F1A2C0B86008805D9 /* enemy2.png in CopyFiles */ = {isa = PBXBuildFile; fileRef = 5B00227D1A2C0A4C008805D9 /* enemy2.png */; };
		5B0022801A2C0B86008805D9 /* enemy3.png in CopyFiles */ = {isa = PBXBuildFile; fileRef = 5B00227E1A2C0A4C008805D9 /* enemy3.png */; };
		5B0022831A2C1206008805D9 /* Random.cpp in Sources */ = {isa = PBXBuildFile; fileRef = 5B0022811A2C1206008805D9 /* Random.cpp */; };
		5B0496431825D01600C1FBCB /* MainLoop.cpp in Sources */ = {isa = PBXBuildFile; fileRef = 5B0496411825D01600C1FBCB /* MainLoop.cpp */; };
		5B0C65DF182ADDF8003E3BD4 /* Screen.cpp in Sources */ = {isa = PBXBuildFile; fileRef = 5B0C65DE182ADDF8003E3BD4 /* Screen.cpp */; };
		5B0C86831852553F0005CADD /* bomberman.png in CopyFiles */ = {isa = PBXBuildFile; fileRef = 5B0C86821852550C0005CADD /* bomberman.png */; };
		5B0C86861852612C0005CADD /* Player.cpp in Sources */ = {isa = PBXBuildFile; fileRef = 5B0C86851852612C0005CADD /* Player.cpp */; };
		5B0EEC2B1820E0D20084C40C /* SDL2.framework in Frameworks */ = {isa = PBXBuildFile; fileRef = 5B0EEC2A1820E0D20084C40C /* SDL2.framework */; };
		5B0EEC2D1820E10A0084C40C /* main.cpp in Sources */ = {isa = PBXBuildFile; fileRef = 5B0EEC2C1820E10A0084C40C /* main.cpp */; };
		5B1015081A26BEE100CCCC77 /* Timer.cpp in Sources */ = {isa = PBXBuildFile; fileRef = 5B1015061A26BEE100CCCC77 /* Timer.cpp */; };
		5B10150A1A26E2EB00CCCC77 /* explosion.png in CopyFiles */ = {isa = PBXBuildFile; fileRef = 5B1015091A26DFD400CCCC77 /* explosion.png */; };
		5B1817AA1C305561001CDAD8 /* MainMenuLayer.cpp in Sources */ = {isa = PBXBuildFile; fileRef = 5B1817A91C305561001CDAD8 /* MainMenuLayer.cpp */; };
		5B1B5F891C461D0200DDB79B /* PointerUtils.cpp in Sources */ = {isa = PBXBuildFile; fileRef = 5B1B5F871C461D0200DDB79B /* PointerUtils.cpp */; };
		5B1BF7521822E48B009DCA31 /* SDL2_image.framework in Frameworks */ = {isa = PBXBuildFile; fileRef = 5B1BF7511822E48B009DCA31 /* SDL2_image.framework */; };
		5B2174241A1AB20D0033B3AA /* Bomb.cpp in Sources */ = {isa = PBXBuildFile; fileRef = 5B2174221A1AB20D0033B3AA /* Bomb.cpp */; };
		5B2174261A1AC2A70033B3AA /* bomb.png in CopyFiles */ = {isa = PBXBuildFile; fileRef = 5B2174251A1AC2820033B3AA /* bomb.png */; };
		5B2234761A16EEB8005BDA1C /* StringUtils.cpp in Sources */ = {isa = PBXBuildFile; fileRef = 5B2234741A16EEB8005BDA1C /* StringUtils.cpp */; };
		5B2234771A16F57E005BDA1C /* map1.txt in CopyFiles */ = {isa = PBXBuildFile; fileRef = 5B2234731A16ED72005BDA1C /* map1.txt */; };
		5B25FA311A33D2040068AFC1 /* LoggerFactory.cpp in Sources */ = {isa = PBXBuildFile; fileRef = 5B25FA2F1A33D2040068AFC1 /* LoggerFactory.cpp */; };
		5B275BFA1C5958D500080BAC /* MenuBar.cpp in Sources */ = {isa = PBXBuildFile; fileRef = 5B275BF81C5958D500080BAC /* MenuBar.cpp */; };
		5B275BFD1C59607F00080BAC /* MenuBarEntry.cpp in Sources */ = {isa = PBXBuildFile; fileRef = 5B275BFB1C59607F00080BAC /* MenuBarEntry.cpp */; };
		5B31D6761A299A66004ECEBD /* hud.png in CopyFiles */ = {isa = PBXBuildFile; fileRef = 5B31D6751A299A53004ECEBD /* hud.png */; };
		5B3795CA1820F6E60050381F /* TileMap.cpp in Sources */ = {isa = PBXBuildFile; fileRef = 5B3795C81820F6E60050381F /* TileMap.cpp */; };
		5B3795CE1820FBAA0050381F /* Texture.cpp in Sources */ = {isa = PBXBuildFile; fileRef = 5B3795CC1820FBAA0050381F /* Texture.cpp */; };
		5B39462F1C4ED9B100FA3CDA /* SignalHandler.cpp in Sources */ = {isa = PBXBuildFile; fileRef = 5B39462D1C4ED9B000FA3CDA /* SignalHandler.cpp */; };
		5B3946321C4EEB8A00FA3CDA /* SignalSender.cpp in Sources */ = {isa = PBXBuildFile; fileRef = 5B3946301C4EEB8A00FA3CDA /* SignalSender.cpp */; };
		5B39463A1C4F711500FA3CDA /* InGameCommandQueue.cpp in Sources */ = {isa = PBXBuildFile; fileRef = 5B3946381C4F711500FA3CDA /* InGameCommandQueue.cpp */; };
		5B3946401C4F827300FA3CDA /* MapSetter.cpp in Sources */ = {isa = PBXBuildFile; fileRef = 5B39463E1C4F827300FA3CDA /* MapSetter.cpp */; };
		5B3B82D11857A82700CECE27 /* PlayerEvents.cpp in Sources */ = {isa = PBXBuildFile; fileRef = 5B3B82CF1857A82700CECE27 /* PlayerEvents.cpp */; };
		5B3B82D51857AB7800CECE27 /* PlayerCommand.cpp in Sources */ = {isa = PBXBuildFile; fileRef = 5B3B82D31857AB7800CECE27 /* PlayerCommand.cpp */; };
		5B3B82DA1857ACB700CECE27 /* Command.cpp in Sources */ = {isa = PBXBuildFile; fileRef = 5B3B82D91857ACB700CECE27 /* Command.cpp */; };
		5B3B82DE1857CDC100CECE27 /* TokenFactory.cpp in Sources */ = {isa = PBXBuildFile; fileRef = 5B3B82DC1857CDC100CECE27 /* TokenFactory.cpp */; };
		5B3B82E11857CE3D00CECE27 /* Token.cpp in Sources */ = {isa = PBXBuildFile; fileRef = 5B3B82DF1857CE3D00CECE27 /* Token.cpp */; };
		5B3D1310182C717A0070A335 /* tile0.png in CopyFiles */ = {isa = PBXBuildFile; fileRef = 5BD37AF31822199200BB1C28 /* tile0.png */; };
		5B3D1311182C717A0070A335 /* tile1.png in CopyFiles */ = {isa = PBXBuildFile; fileRef = 5BD37AF5182219F300BB1C28 /* tile1.png */; };
		5B3D1312182C717A0070A335 /* tile2.png in CopyFiles */ = {isa = PBXBuildFile; fileRef = 5BD37AF6182219F300BB1C28 /* tile2.png */; };
		5B3D1314182C71A90070A335 /* map1.xml in CopyFiles */ = {isa = PBXBuildFile; fileRef = 5BF63CA818218A41001315AD /* map1.xml */; };
		5B40BF9E1C44D8B2001A2805 /* LevelListLayer.cpp in Sources */ = {isa = PBXBuildFile; fileRef = 5B40BF9C1C44D8B2001A2805 /* LevelListLayer.cpp */; };
		5B4479871C50BC3300007754 /* Signal.cpp in Sources */ = {isa = PBXBuildFile; fileRef = 5B4479861C50BC3300007754 /* Signal.cpp */; };
		5B46E0ED1C2FECD20037426E /* remote.png in Resources */ = {isa = PBXBuildFile; fileRef = 5B46E0EC1C2FECD20037426E /* remote.png */; };
		5B46E0EE1C2FECD90037426E /* remote.png in CopyFiles */ = {isa = PBXBuildFile; fileRef = 5B46E0EC1C2FECD20037426E /* remote.png */; };
		5B4A120118331CAB00C8A950 /* background.png in Resources */ = {isa = PBXBuildFile; fileRef = 5B4A11FE18331CAB00C8A950 /* background.png */; };
		5B4A120218331CAB00C8A950 /* brick.png in Resources */ = {isa = PBXBuildFile; fileRef = 5B4A11FF18331CAB00C8A950 /* brick.png */; };
		5B4A120318331CAB00C8A950 /* destructibleBrick.png in Resources */ = {isa = PBXBuildFile; fileRef = 5B4A120018331CAB00C8A950 /* destructibleBrick.png */; };
		5B4A120418331CB500C8A950 /* background.png in CopyFiles */ = {isa = PBXBuildFile; fileRef = 5B4A11FE18331CAB00C8A950 /* background.png */; };
		5B4A120518331CB600C8A950 /* brick.png in CopyFiles */ = {isa = PBXBuildFile; fileRef = 5B4A11FF18331CAB00C8A950 /* brick.png */; };
		5B4A120618331CB600C8A950 /* destructibleBrick.png in CopyFiles */ = {isa = PBXBuildFile; fileRef = 5B4A120018331CAB00C8A950 /* destructibleBrick.png */; };
		5B4A120B1833256800C8A950 /* OperatingSystem.cpp in Sources */ = {isa = PBXBuildFile; fileRef = 5B4A120A1833256800C8A950 /* OperatingSystem.cpp */; };
		5B4C02BC1B80527D003FCB02 /* GameLayer.cpp in Sources */ = {isa = PBXBuildFile; fileRef = 5BDBF7E51821780000BE71CC /* GameLayer.cpp */; };
		5B4C02C41B805739003FCB02 /* SDL2_ttf.framework in Frameworks */ = {isa = PBXBuildFile; fileRef = 5B4C02C31B805739003FCB02 /* SDL2_ttf.framework */; };
		5B4C02C51B805743003FCB02 /* SDL2_ttf.framework in CopyFiles */ = {isa = PBXBuildFile; fileRef = 5B4C02C31B805739003FCB02 /* SDL2_ttf.framework */; settings = {ATTRIBUTES = (CodeSignOnCopy, RemoveHeadersOnCopy, ); }; };
		5B4C02C81B80578D003FCB02 /* ConsoleLayer.cpp in Sources */ = {isa = PBXBuildFile; fileRef = 5B4C02C61B80578D003FCB02 /* ConsoleLayer.cpp */; };
		5B4C02CB1B805980003FCB02 /* Font.cpp in Sources */ = {isa = PBXBuildFile; fileRef = 5B4C02C91B805980003FCB02 /* Font.cpp */; };
		5B4C02CE1B805B01003FCB02 /* Color.cpp in Sources */ = {isa = PBXBuildFile; fileRef = 5B4C02CC1B805B01003FCB02 /* Color.cpp */; };
		5B570EFE1C476FEF005B3627 /* PauseMenu.cpp in Sources */ = {isa = PBXBuildFile; fileRef = 5B570EFC1C476FEF005B3627 /* PauseMenu.cpp */; };
		5B5BB1C41856CEDA0019CAD1 /* CommandQueue.cpp in Sources */ = {isa = PBXBuildFile; fileRef = 5B5BB1C21856CEDA0019CAD1 /* CommandQueue.cpp */; };
		5B5BB1C71856D5370019CAD1 /* XmlTileMapLoader.cpp in Sources */ = {isa = PBXBuildFile; fileRef = 5B5BB1C51856D5370019CAD1 /* XmlTileMapLoader.cpp */; };
		5B5C97B11B80DFFE00C9D6C1 /* PressStart2P.ttf in CopyFiles */ = {isa = PBXBuildFile; fileRef = 5B5C97B01B80DFF400C9D6C1 /* PressStart2P.ttf */; };
		5B5C97B31B80EC4600C9D6C1 /* EventListener.cpp in Sources */ = {isa = PBXBuildFile; fileRef = 5B5C97B21B80EC4600C9D6C1 /* EventListener.cpp */; };
		5B74B88A1C4DAC2C00E34D17 /* HowToPlay.cpp in Sources */ = {isa = PBXBuildFile; fileRef = 5B74B8881C4DAC2C00E34D17 /* HowToPlay.cpp */; };
		5B74B88C1C4E0BBD00E34D17 /* arrows_tutorial.png in CopyFiles */ = {isa = PBXBuildFile; fileRef = 5B74B88B1C4E0BAC00E34D17 /* arrows_tutorial.png */; };
		5B74B88E1C4E0DC500E34D17 /* bomb_tutorial.png in CopyFiles */ = {isa = PBXBuildFile; fileRef = 5B74B88D1C4E0DB800E34D17 /* bomb_tutorial.png */; };
		5B74B8901C4E0EDF00E34D17 /* enemies_tutorial.png in CopyFiles */ = {isa = PBXBuildFile; fileRef = 5B74B88F1C4E0ED200E34D17 /* enemies_tutorial.png */; };
		5B74B8921C4E10B300E34D17 /* endgame_tutorial.png in CopyFiles */ = {isa = PBXBuildFile; fileRef = 5B74B8911C4E108B00E34D17 /* endgame_tutorial.png */; };
		5B74B8951C4E17B400E34D17 /* arrow_left.png in CopyFiles */ = {isa = PBXBuildFile; fileRef = 5B74B8931C4E17A500E34D17 /* arrow_left.png */; };
		5B74B8961C4E17B400E34D17 /* arrow_right.png in CopyFiles */ = {isa = PBXBuildFile; fileRef = 5B74B8941C4E17A500E34D17 /* arrow_right.png */; };
		5B74B89A1C4E2CD400E34D17 /* extraBomb_tutorial.png in CopyFiles */ = {isa = PBXBuildFile; fileRef = 5B74B8971C4E2CBD00E34D17 /* extraBomb_tutorial.png */; };
		5B74B89B1C4E2CD400E34D17 /* increaseRange_tutorial.png in CopyFiles */ = {isa = PBXBuildFile; fileRef = 5B74B8981C4E2CBD00E34D17 /* increaseRange_tutorial.png */; };
		5B74B89C1C4E2CD400E34D17 /* remote_tutorial.png in CopyFiles */ = {isa = PBXBuildFile; fileRef = 5B74B8991C4E2CBD00E34D17 /* remote_tutorial.png */; };
		5B74B89E1C4E309D00E34D17 /* hud_tutorial.png in CopyFiles */ = {isa = PBXBuildFile; fileRef = 5B74B89D1C4E309100E34D17 /* hud_tutorial.png */; };
		5B755C771822E81300DADA25 /* Configuration.cpp in Sources */ = {isa = PBXBuildFile; fileRef = 5B755C751822E81300DADA25 /* Configuration.cpp */; };
		5B7732B5182AFB2F003A2747 /* SDL2_image.framework in CopyFiles */ = {isa = PBXBuildFile; fileRef = 5B1BF7511822E48B009DCA31 /* SDL2_image.framework */; settings = {ATTRIBUTES = (CodeSignOnCopy, ); }; };
		5B87384D184E582B0014D94B /* Rectangle.cpp in Sources */ = {isa = PBXBuildFile; fileRef = 5B87384C184E582B0014D94B /* Rectangle.cpp */; };
		5B87384F184E83AD0014D94B /* config.xml in CopyFiles */ = {isa = PBXBuildFile; fileRef = 5BD6AD0018236FC500E661DA /* config.xml */; };
		5B8997421C35C16E003AB8B0 /* ScreenComponent.cpp in Sources */ = {isa = PBXBuildFile; fileRef = 5B89973E1C35C16E003AB8B0 /* ScreenComponent.cpp */; };
		5B8997431C35C16E003AB8B0 /* ScreenManager.cpp in Sources */ = {isa = PBXBuildFile; fileRef = 5B8997401C35C16E003AB8B0 /* ScreenManager.cpp */; };
		5B8997461C35C875003AB8B0 /* Updatable.cpp in Sources */ = {isa = PBXBuildFile; fileRef = 5B8997441C35C875003AB8B0 /* Updatable.cpp */; };
		5B8997491C35C8DF003AB8B0 /* Drawable.cpp in Sources */ = {isa = PBXBuildFile; fileRef = 5B8997471C35C8DF003AB8B0 /* Drawable.cpp */; };
		5B89974E1C360DCF003AB8B0 /* life.png in CopyFiles */ = {isa = PBXBuildFile; fileRef = 5B89974D1C360DA9003AB8B0 /* life.png */; };
		5B8997511C366096003AB8B0 /* GameOverCommand.cpp in Sources */ = {isa = PBXBuildFile; fileRef = 5B89974F1C366096003AB8B0 /* GameOverCommand.cpp */; };
		5B8997541C367DC3003AB8B0 /* destroyedDoor.png in CopyFiles */ = {isa = PBXBuildFile; fileRef = 5B8997531C367CB3003AB8B0 /* destroyedDoor.png */; };
		5B8997551C367DC3003AB8B0 /* door.png in CopyFiles */ = {isa = PBXBuildFile; fileRef = 5B8997521C3677A6003AB8B0 /* door.png */; };
		5B92289C1A10898E009ADD10 /* TxtTileMapLoader.cpp in Sources */ = {isa = PBXBuildFile; fileRef = 5B92289A1A10898E009ADD10 /* TxtTileMapLoader.cpp */; };
		5B9382161B81A37B00C42269 /* QuitCommand.cpp in Sources */ = {isa = PBXBuildFile; fileRef = 5B9382141B81A37B00C42269 /* QuitCommand.cpp */; };
		5B9382191B81A75700C42269 /* LoopQuiter.cpp in Sources */ = {isa = PBXBuildFile; fileRef = 5B9382171B81A75700C42269 /* LoopQuiter.cpp */; };
		5B9E27FB1C514DC800C74CB7 /* MapEditor.cpp in Sources */ = {isa = PBXBuildFile; fileRef = 5B9E27F91C514DC800C74CB7 /* MapEditor.cpp */; };
		5BB4D82C1B7FB2920066077D /* Item.cpp in Sources */ = {isa = PBXBuildFile; fileRef = 5BB4D82A1B7FB2920066077D /* Item.cpp */; };
		5BB4D82F1B7FCE380066077D /* ConsoleEvents.cpp in Sources */ = {isa = PBXBuildFile; fileRef = 5BB4D82D1B7FCE380066077D /* ConsoleEvents.cpp */; };
		5BB4D8321B7FD2F10066077D /* Console.cpp in Sources */ = {isa = PBXBuildFile; fileRef = 5BB4D8301B7FD2F10066077D /* Console.cpp */; };
		5BB4D8381B7FE6680066077D /* HudLayer.cpp in Sources */ = {isa = PBXBuildFile; fileRef = 5BB4D8361B7FE6680066077D /* HudLayer.cpp */; };
		5BB79DAD1C45ADCC00E72350 /* map2.txt in CopyFiles */ = {isa = PBXBuildFile; fileRef = 5BB79DAC1C45AD9E00E72350 /* map2.txt */; };
		5BBB9E541820EB3F00726BC5 /* Engine.cpp in Sources */ = {isa = PBXBuildFile; fileRef = 5BBB9E521820EB3F00726BC5 /* Engine.cpp */; };
		5BBFCCA2185FFD910016F56A /* First.cpp in Sources */ = {isa = PBXBuildFile; fileRef = 5BBFCC9E185FFD910016F56A /* First.cpp */; };
		5BBFCCA3185FFD910016F56A /* Parser.cpp in Sources */ = {isa = PBXBuildFile; fileRef = 5BBFCCA0185FFD910016F56A /* Parser.cpp */; };
		5BBFCCA6185FFF710016F56A /* CommandFactory.cpp in Sources */ = {isa = PBXBuildFile; fileRef = 5BBFCCA4185FFF710016F56A /* CommandFactory.cpp */; };
		5BC95BC71B9CF01B005FAA0E /* extraBomb.png in CopyFiles */ = {isa = PBXBuildFile; fileRef = 5BC95BC51B9CF00B005FAA0E /* extraBomb.png */; };
		5BC95BC81B9CF01B005FAA0E /* increaseRange.png in CopyFiles */ = {isa = PBXBuildFile; fileRef = 5BC95BC61B9CF00B005FAA0E /* increaseRange.png */; };
		5BD37AFE18221A3D00BB1C28 /* SDL2.framework in CopyFiles */ = {isa = PBXBuildFile; fileRef = 5B0EEC2A1820E0D20084C40C /* SDL2.framework */; settings = {ATTRIBUTES = (CodeSignOnCopy, ); }; };
		5BD6AD0518237F2D00E661DA /* Logger.cpp in Sources */ = {isa = PBXBuildFile; fileRef = 5BD6AD0318237CE000E661DA /* Logger.cpp */; };
		5BD6AD171823A36B00E661DA /* tinyxml2.cpp in Sources */ = {isa = PBXBuildFile; fileRef = 5BD6AD161823A36B00E661DA /* tinyxml2.cpp */; };
		5BDC7DA5182AA18C0093391D /* Coordinate.cpp in Sources */ = {isa = PBXBuildFile; fileRef = 5BDC7DA3182AA18C0093391D /* Coordinate.cpp */; };
		5BE4A21818358FFF00EE49AF /* Brick.cpp in Sources */ = {isa = PBXBuildFile; fileRef = 5BE4A21618358FFF00EE49AF /* Brick.cpp */; };
		5BEFA54F1A17E809001D1337 /* Transformer.cpp in Sources */ = {isa = PBXBuildFile; fileRef = 5BEFA54D1A17E809001D1337 /* Transformer.cpp */; };
		5BF149851A1ACEBF003CF6D8 /* Explosion.cpp in Sources */ = {isa = PBXBuildFile; fileRef = 5BF149831A1ACEBF003CF6D8 /* Explosion.cpp */; };
		5BF5549B1833F67D00DAC339 /* Log.cpp in Sources */ = {isa = PBXBuildFile; fileRef = 5BF554991833F67D00DAC339 /* Log.cpp */; };
		5BF5549E1833F70400DAC339 /* LogLevel.cpp in Sources */ = {isa = PBXBuildFile; fileRef = 5BF5549C1833F70400DAC339 /* LogLevel.cpp */; };
		5BF63CA6182187CF001315AD /* CoreFoundation.framework in Frameworks */ = {isa = PBXBuildFile; fileRef = 5BF63CA5182187CF001315AD /* CoreFoundation.framework */; };
/* End PBXBuildFile section */

/* Begin PBXContainerItemProxy section */
		5B76EC871820DD1B00D499EE /* PBXContainerItemProxy */ = {
			isa = PBXContainerItemProxy;
			containerPortal = 5B76EC5A1820DD1B00D499EE /* Project object */;
			proxyType = 1;
			remoteGlobalIDString = 5B76EC611820DD1B00D499EE;
			remoteInfo = Bomberman;
		};
/* End PBXContainerItemProxy section */

/* Begin PBXCopyFilesBuildPhase section */
		5B0EEC2F1820E1700084C40C /* CopyFiles */ = {
			isa = PBXCopyFilesBuildPhase;
			buildActionMask = 2147483647;
			dstPath = "";
			dstSubfolderSpec = 10;
			files = (
				5B4C02C51B805743003FCB02 /* SDL2_ttf.framework in CopyFiles */,
				5B7732B5182AFB2F003A2747 /* SDL2_image.framework in CopyFiles */,
				5BD37AFE18221A3D00BB1C28 /* SDL2.framework in CopyFiles */,
			);
			runOnlyForDeploymentPostprocessing = 0;
		};
		5B3D130F182C716B0070A335 /* CopyFiles */ = {
			isa = PBXCopyFilesBuildPhase;
			buildActionMask = 2147483647;
			dstPath = textures;
			dstSubfolderSpec = 7;
			files = (
				5B74B89E1C4E309D00E34D17 /* hud_tutorial.png in CopyFiles */,
				5B74B89A1C4E2CD400E34D17 /* extraBomb_tutorial.png in CopyFiles */,
				5B74B89B1C4E2CD400E34D17 /* increaseRange_tutorial.png in CopyFiles */,
				5B74B89C1C4E2CD400E34D17 /* remote_tutorial.png in CopyFiles */,
				5B74B8951C4E17B400E34D17 /* arrow_left.png in CopyFiles */,
				5B74B8961C4E17B400E34D17 /* arrow_right.png in CopyFiles */,
				5B74B8921C4E10B300E34D17 /* endgame_tutorial.png in CopyFiles */,
				5B74B8901C4E0EDF00E34D17 /* enemies_tutorial.png in CopyFiles */,
				5B74B88E1C4E0DC500E34D17 /* bomb_tutorial.png in CopyFiles */,
				5B74B88C1C4E0BBD00E34D17 /* arrows_tutorial.png in CopyFiles */,
				5B8997541C367DC3003AB8B0 /* destroyedDoor.png in CopyFiles */,
				5B8997551C367DC3003AB8B0 /* door.png in CopyFiles */,
				5B89974E1C360DCF003AB8B0 /* life.png in CopyFiles */,
				5B46E0EE1C2FECD90037426E /* remote.png in CopyFiles */,
				5B0C86831852553F0005CADD /* bomberman.png in CopyFiles */,
				5B2174261A1AC2A70033B3AA /* bomb.png in CopyFiles */,
				5B4A120418331CB500C8A950 /* background.png in CopyFiles */,
				5B4A120518331CB600C8A950 /* brick.png in CopyFiles */,
				5B4A120618331CB600C8A950 /* destructibleBrick.png in CopyFiles */,
				5B00227C1A2C05A8008805D9 /* enemy1.png in CopyFiles */,
				5B00227F1A2C0B86008805D9 /* enemy2.png in CopyFiles */,
				5B0022801A2C0B86008805D9 /* enemy3.png in CopyFiles */,
				5B10150A1A26E2EB00CCCC77 /* explosion.png in CopyFiles */,
				5B31D6761A299A66004ECEBD /* hud.png in CopyFiles */,
				5B3D1310182C717A0070A335 /* tile0.png in CopyFiles */,
				5B3D1311182C717A0070A335 /* tile1.png in CopyFiles */,
				5B3D1312182C717A0070A335 /* tile2.png in CopyFiles */,
				5BC95BC71B9CF01B005FAA0E /* extraBomb.png in CopyFiles */,
				5BC95BC81B9CF01B005FAA0E /* increaseRange.png in CopyFiles */,
			);
			runOnlyForDeploymentPostprocessing = 0;
		};
		5B3D1313182C71980070A335 /* CopyFiles */ = {
			isa = PBXCopyFilesBuildPhase;
			buildActionMask = 12;
			dstPath = maps;
			dstSubfolderSpec = 7;
			files = (
				5BB79DAD1C45ADCC00E72350 /* map2.txt in CopyFiles */,
				5B2234771A16F57E005BDA1C /* map1.txt in CopyFiles */,
				5B3D1314182C71A90070A335 /* map1.xml in CopyFiles */,
			);
			runOnlyForDeploymentPostprocessing = 0;
		};
		5B5C97AF1B80DFC800C9D6C1 /* CopyFiles */ = {
			isa = PBXCopyFilesBuildPhase;
			buildActionMask = 2147483647;
			dstPath = fonts;
			dstSubfolderSpec = 7;
			files = (
				5B5C97B11B80DFFE00C9D6C1 /* PressStart2P.ttf in CopyFiles */,
			);
			runOnlyForDeploymentPostprocessing = 0;
		};
		5B87384E184E839E0014D94B /* CopyFiles */ = {
			isa = PBXCopyFilesBuildPhase;
			buildActionMask = 2147483647;
			dstPath = "";
			dstSubfolderSpec = 7;
			files = (
				5B87384F184E83AD0014D94B /* config.xml in CopyFiles */,
			);
			runOnlyForDeploymentPostprocessing = 0;
		};
/* End PBXCopyFilesBuildPhase section */

/* Begin PBXFileReference section */
		5B00226F1A2BE5A7008805D9 /* Enemy.cpp */ = {isa = PBXFileReference; fileEncoding = 4; lastKnownFileType = sourcecode.cpp.cpp; path = Enemy.cpp; sourceTree = "<group>"; };
		5B0022701A2BE5A7008805D9 /* Enemy.hpp */ = {isa = PBXFileReference; fileEncoding = 4; lastKnownFileType = sourcecode.cpp.h; path = Enemy.hpp; sourceTree = "<group>"; };
		5B0022781A2BEB8A008805D9 /* DummyTileMapBuilder.cpp */ = {isa = PBXFileReference; fileEncoding = 4; lastKnownFileType = sourcecode.cpp.cpp; path = DummyTileMapBuilder.cpp; sourceTree = "<group>"; };
		5B0022791A2BEB8A008805D9 /* DummyTileMapBuilder.hpp */ = {isa = PBXFileReference; fileEncoding = 4; lastKnownFileType = sourcecode.cpp.h; path = DummyTileMapBuilder.hpp; sourceTree = "<group>"; };
		5B00227B1A2C0593008805D9 /* enemy1.png */ = {isa = PBXFileReference; lastKnownFileType = image.png; path = enemy1.png; sourceTree = "<group>"; };
		5B00227D1A2C0A4C008805D9 /* enemy2.png */ = {isa = PBXFileReference; lastKnownFileType = image.png; path = enemy2.png; sourceTree = "<group>"; };
		5B00227E1A2C0A4C008805D9 /* enemy3.png */ = {isa = PBXFileReference; lastKnownFileType = image.png; path = enemy3.png; sourceTree = "<group>"; };
		5B0022811A2C1206008805D9 /* Random.cpp */ = {isa = PBXFileReference; fileEncoding = 4; lastKnownFileType = sourcecode.cpp.cpp; path = Random.cpp; sourceTree = "<group>"; };
		5B0022821A2C1206008805D9 /* Random.hpp */ = {isa = PBXFileReference; fileEncoding = 4; lastKnownFileType = sourcecode.cpp.h; path = Random.hpp; sourceTree = "<group>"; };
		5B03C1271860F0450011C3DA /* TileMapBuilder.hpp */ = {isa = PBXFileReference; fileEncoding = 4; lastKnownFileType = sourcecode.cpp.h; path = TileMapBuilder.hpp; sourceTree = "<group>"; };
		5B0496401825CF7E00C1FBCB /* Screen.hpp */ = {isa = PBXFileReference; fileEncoding = 4; lastKnownFileType = sourcecode.cpp.h; path = Screen.hpp; sourceTree = "<group>"; };
		5B0496411825D01600C1FBCB /* MainLoop.cpp */ = {isa = PBXFileReference; fileEncoding = 4; lastKnownFileType = sourcecode.cpp.cpp; path = MainLoop.cpp; sourceTree = "<group>"; };
		5B0496421825D01600C1FBCB /* MainLoop.hpp */ = {isa = PBXFileReference; fileEncoding = 4; lastKnownFileType = sourcecode.cpp.h; path = MainLoop.hpp; sourceTree = "<group>"; };
		5B0C65DE182ADDF8003E3BD4 /* Screen.cpp */ = {isa = PBXFileReference; fileEncoding = 4; lastKnownFileType = sourcecode.cpp.cpp; path = Screen.cpp; sourceTree = "<group>"; };
		5B0C86821852550C0005CADD /* bomberman.png */ = {isa = PBXFileReference; lastKnownFileType = image.png; path = bomberman.png; sourceTree = "<group>"; };
		5B0C86841852607A0005CADD /* Player.hpp */ = {isa = PBXFileReference; lastKnownFileType = sourcecode.cpp.h; path = Player.hpp; sourceTree = "<group>"; };
		5B0C86851852612C0005CADD /* Player.cpp */ = {isa = PBXFileReference; fileEncoding = 4; lastKnownFileType = sourcecode.cpp.cpp; path = Player.cpp; sourceTree = "<group>"; };
		5B0EEC281820E0BD0084C40C /* Info.plist */ = {isa = PBXFileReference; fileEncoding = 4; lastKnownFileType = text.plist.xml; path = Info.plist; sourceTree = SOURCE_ROOT; };
		5B0EEC2A1820E0D20084C40C /* SDL2.framework */ = {isa = PBXFileReference; lastKnownFileType = wrapper.framework; path = SDL2.framework; sourceTree = "<group>"; };
		5B0EEC2C1820E10A0084C40C /* main.cpp */ = {isa = PBXFileReference; fileEncoding = 4; lastKnownFileType = sourcecode.cpp.cpp; path = main.cpp; sourceTree = "<group>"; };
		5B1015061A26BEE100CCCC77 /* Timer.cpp */ = {isa = PBXFileReference; fileEncoding = 4; lastKnownFileType = sourcecode.cpp.cpp; path = Timer.cpp; sourceTree = "<group>"; };
		5B1015071A26BEE100CCCC77 /* Timer.hpp */ = {isa = PBXFileReference; fileEncoding = 4; lastKnownFileType = sourcecode.cpp.h; path = Timer.hpp; sourceTree = "<group>"; };
		5B1015091A26DFD400CCCC77 /* explosion.png */ = {isa = PBXFileReference; lastKnownFileType = image.png; path = explosion.png; sourceTree = "<group>"; };
		5B15D56918466CB50039FD7B /* README.md */ = {isa = PBXFileReference; fileEncoding = 4; lastKnownFileType = text; name = README.md; path = ../README.md; sourceTree = SOURCE_ROOT; };
		5B1817A81C30554D001CDAD8 /* MainMenuLayer.hpp */ = {isa = PBXFileReference; lastKnownFileType = sourcecode.cpp.h; path = MainMenuLayer.hpp; sourceTree = "<group>"; };
		5B1817A91C305561001CDAD8 /* MainMenuLayer.cpp */ = {isa = PBXFileReference; fileEncoding = 4; lastKnownFileType = sourcecode.cpp.cpp; path = MainMenuLayer.cpp; sourceTree = "<group>"; };
		5B1B5F871C461D0200DDB79B /* PointerUtils.cpp */ = {isa = PBXFileReference; fileEncoding = 4; lastKnownFileType = sourcecode.cpp.cpp; path = PointerUtils.cpp; sourceTree = "<group>"; };
		5B1B5F881C461D0200DDB79B /* PointerUtils.hpp */ = {isa = PBXFileReference; fileEncoding = 4; lastKnownFileType = sourcecode.cpp.h; path = PointerUtils.hpp; sourceTree = "<group>"; };
		5B1BF7511822E48B009DCA31 /* SDL2_image.framework */ = {isa = PBXFileReference; lastKnownFileType = wrapper.framework; path = SDL2_image.framework; sourceTree = "<group>"; };
		5B2174211A1A7D3D0033B3AA /* LogSystem.h */ = {isa = PBXFileReference; lastKnownFileType = sourcecode.c.h; path = LogSystem.h; sourceTree = "<group>"; };
		5B2174221A1AB20D0033B3AA /* Bomb.cpp */ = {isa = PBXFileReference; fileEncoding = 4; lastKnownFileType = sourcecode.cpp.cpp; path = Bomb.cpp; sourceTree = "<group>"; };
		5B2174231A1AB20D0033B3AA /* Bomb.hpp */ = {isa = PBXFileReference; fileEncoding = 4; lastKnownFileType = sourcecode.cpp.h; path = Bomb.hpp; sourceTree = "<group>"; };
		5B2174251A1AC2820033B3AA /* bomb.png */ = {isa = PBXFileReference; lastKnownFileType = image.png; path = bomb.png; sourceTree = "<group>"; };
		5B2234731A16ED72005BDA1C /* map1.txt */ = {isa = PBXFileReference; fileEncoding = 4; lastKnownFileType = text; path = map1.txt; sourceTree = "<group>"; };
		5B2234741A16EEB8005BDA1C /* StringUtils.cpp */ = {isa = PBXFileReference; fileEncoding = 4; lastKnownFileType = sourcecode.cpp.cpp; path = StringUtils.cpp; sourceTree = "<group>"; };
		5B2234751A16EEB8005BDA1C /* StringUtils.hpp */ = {isa = PBXFileReference; fileEncoding = 4; lastKnownFileType = sourcecode.cpp.h; path = StringUtils.hpp; sourceTree = "<group>"; };
		5B25FA2F1A33D2040068AFC1 /* LoggerFactory.cpp */ = {isa = PBXFileReference; fileEncoding = 4; lastKnownFileType = sourcecode.cpp.cpp; path = LoggerFactory.cpp; sourceTree = "<group>"; };
		5B25FA301A33D2040068AFC1 /* LoggerFactory.hpp */ = {isa = PBXFileReference; fileEncoding = 4; lastKnownFileType = sourcecode.cpp.h; path = LoggerFactory.hpp; sourceTree = "<group>"; };
		5B275BF81C5958D500080BAC /* MenuBar.cpp */ = {isa = PBXFileReference; fileEncoding = 4; lastKnownFileType = sourcecode.cpp.cpp; path = MenuBar.cpp; sourceTree = "<group>"; };
		5B275BF91C5958D500080BAC /* MenuBar.hpp */ = {isa = PBXFileReference; fileEncoding = 4; lastKnownFileType = sourcecode.cpp.h; path = MenuBar.hpp; sourceTree = "<group>"; };
		5B275BFB1C59607F00080BAC /* MenuBarEntry.cpp */ = {isa = PBXFileReference; fileEncoding = 4; lastKnownFileType = sourcecode.cpp.cpp; path = MenuBarEntry.cpp; sourceTree = "<group>"; };
		5B275BFC1C59607F00080BAC /* MenuBarEntry.hpp */ = {isa = PBXFileReference; fileEncoding = 4; lastKnownFileType = sourcecode.cpp.h; path = MenuBarEntry.hpp; sourceTree = "<group>"; };
		5B31D6731A298524004ECEBD /* VectorUtils.hpp */ = {isa = PBXFileReference; fileEncoding = 4; lastKnownFileType = sourcecode.cpp.h; path = VectorUtils.hpp; sourceTree = "<group>"; };
		5B31D6751A299A53004ECEBD /* hud.png */ = {isa = PBXFileReference; lastKnownFileType = image.png; path = hud.png; sourceTree = "<group>"; };
		5B3795C81820F6E60050381F /* TileMap.cpp */ = {isa = PBXFileReference; fileEncoding = 4; lastKnownFileType = sourcecode.cpp.cpp; path = TileMap.cpp; sourceTree = "<group>"; };
		5B3795C91820F6E60050381F /* TileMap.hpp */ = {isa = PBXFileReference; fileEncoding = 4; lastKnownFileType = sourcecode.cpp.h; path = TileMap.hpp; sourceTree = "<group>"; };
		5B3795CC1820FBAA0050381F /* Texture.cpp */ = {isa = PBXFileReference; fileEncoding = 4; lastKnownFileType = sourcecode.cpp.cpp; path = Texture.cpp; sourceTree = "<group>"; };
		5B3795CD1820FBAA0050381F /* Texture.hpp */ = {isa = PBXFileReference; fileEncoding = 4; lastKnownFileType = sourcecode.cpp.h; path = Texture.hpp; sourceTree = "<group>"; };
		5B39462D1C4ED9B000FA3CDA /* SignalHandler.cpp */ = {isa = PBXFileReference; fileEncoding = 4; lastKnownFileType = sourcecode.cpp.cpp; path = SignalHandler.cpp; sourceTree = "<group>"; };
		5B39462E1C4ED9B000FA3CDA /* SignalHandler.hpp */ = {isa = PBXFileReference; fileEncoding = 4; lastKnownFileType = sourcecode.cpp.h; path = SignalHandler.hpp; sourceTree = "<group>"; };
		5B3946301C4EEB8A00FA3CDA /* SignalSender.cpp */ = {isa = PBXFileReference; fileEncoding = 4; lastKnownFileType = sourcecode.cpp.cpp; path = SignalSender.cpp; sourceTree = "<group>"; };
		5B3946311C4EEB8A00FA3CDA /* SignalSender.hpp */ = {isa = PBXFileReference; fileEncoding = 4; lastKnownFileType = sourcecode.cpp.h; path = SignalSender.hpp; sourceTree = "<group>"; };
		5B3946331C4EF53A00FA3CDA /* Signal.hpp */ = {isa = PBXFileReference; lastKnownFileType = sourcecode.cpp.h; path = Signal.hpp; sourceTree = "<group>"; };
		5B3946381C4F711500FA3CDA /* InGameCommandQueue.cpp */ = {isa = PBXFileReference; fileEncoding = 4; lastKnownFileType = sourcecode.cpp.cpp; path = InGameCommandQueue.cpp; sourceTree = "<group>"; };
		5B3946391C4F711500FA3CDA /* InGameCommandQueue.hpp */ = {isa = PBXFileReference; fileEncoding = 4; lastKnownFileType = sourcecode.cpp.h; path = InGameCommandQueue.hpp; sourceTree = "<group>"; };
		5B39463E1C4F827300FA3CDA /* MapSetter.cpp */ = {isa = PBXFileReference; fileEncoding = 4; lastKnownFileType = sourcecode.cpp.cpp; path = MapSetter.cpp; sourceTree = "<group>"; };
		5B39463F1C4F827300FA3CDA /* MapSetter.hpp */ = {isa = PBXFileReference; fileEncoding = 4; lastKnownFileType = sourcecode.cpp.h; path = MapSetter.hpp; sourceTree = "<group>"; };
		5B3B82CF1857A82700CECE27 /* PlayerEvents.cpp */ = {isa = PBXFileReference; fileEncoding = 4; lastKnownFileType = sourcecode.cpp.cpp; path = PlayerEvents.cpp; sourceTree = "<group>"; };
		5B3B82D01857A82700CECE27 /* PlayerEvents.hpp */ = {isa = PBXFileReference; fileEncoding = 4; lastKnownFileType = sourcecode.cpp.h; path = PlayerEvents.hpp; sourceTree = "<group>"; };
		5B3B82D31857AB7800CECE27 /* PlayerCommand.cpp */ = {isa = PBXFileReference; fileEncoding = 4; lastKnownFileType = sourcecode.cpp.cpp; path = PlayerCommand.cpp; sourceTree = "<group>"; };
		5B3B82D41857AB7800CECE27 /* PlayerCommand.hpp */ = {isa = PBXFileReference; fileEncoding = 4; lastKnownFileType = sourcecode.cpp.h; path = PlayerCommand.hpp; sourceTree = "<group>"; };
		5B3B82D91857ACB700CECE27 /* Command.cpp */ = {isa = PBXFileReference; fileEncoding = 4; lastKnownFileType = sourcecode.cpp.cpp; path = Command.cpp; sourceTree = "<group>"; };
		5B3B82DC1857CDC100CECE27 /* TokenFactory.cpp */ = {isa = PBXFileReference; fileEncoding = 4; lastKnownFileType = sourcecode.cpp.cpp; path = TokenFactory.cpp; sourceTree = "<group>"; };
		5B3B82DD1857CDC100CECE27 /* TokenFactory.hpp */ = {isa = PBXFileReference; fileEncoding = 4; lastKnownFileType = sourcecode.cpp.h; path = TokenFactory.hpp; sourceTree = "<group>"; };
		5B3B82DF1857CE3D00CECE27 /* Token.cpp */ = {isa = PBXFileReference; fileEncoding = 4; lastKnownFileType = sourcecode.cpp.cpp; path = Token.cpp; sourceTree = "<group>"; };
		5B3B82E01857CE3D00CECE27 /* Token.hpp */ = {isa = PBXFileReference; fileEncoding = 4; lastKnownFileType = sourcecode.cpp.h; path = Token.hpp; sourceTree = "<group>"; };
		5B40BF9C1C44D8B2001A2805 /* LevelListLayer.cpp */ = {isa = PBXFileReference; fileEncoding = 4; lastKnownFileType = sourcecode.cpp.cpp; path = LevelListLayer.cpp; sourceTree = "<group>"; };
		5B40BF9D1C44D8B2001A2805 /* LevelListLayer.hpp */ = {isa = PBXFileReference; fileEncoding = 4; lastKnownFileType = sourcecode.cpp.h; path = LevelListLayer.hpp; sourceTree = "<group>"; };
		5B4479861C50BC3300007754 /* Signal.cpp */ = {isa = PBXFileReference; fileEncoding = 4; lastKnownFileType = sourcecode.cpp.cpp; path = Signal.cpp; sourceTree = "<group>"; };
		5B46E0EC1C2FECD20037426E /* remote.png */ = {isa = PBXFileReference; lastKnownFileType = image.png; path = remote.png; sourceTree = "<group>"; };
		5B4A11FE18331CAB00C8A950 /* background.png */ = {isa = PBXFileReference; lastKnownFileType = image.png; path = background.png; sourceTree = "<group>"; };
		5B4A11FF18331CAB00C8A950 /* brick.png */ = {isa = PBXFileReference; lastKnownFileType = image.png; path = brick.png; sourceTree = "<group>"; };
		5B4A120018331CAB00C8A950 /* destructibleBrick.png */ = {isa = PBXFileReference; lastKnownFileType = image.png; path = destructibleBrick.png; sourceTree = "<group>"; };
		5B4A1207183321E600C8A950 /* Exception.hpp */ = {isa = PBXFileReference; lastKnownFileType = sourcecode.cpp.h; path = Exception.hpp; sourceTree = "<group>"; };
		5B4A1209183323A900C8A950 /* OperatingSystem.hpp */ = {isa = PBXFileReference; lastKnownFileType = sourcecode.cpp.h; path = OperatingSystem.hpp; sourceTree = "<group>"; };
		5B4A120A1833256800C8A950 /* OperatingSystem.cpp */ = {isa = PBXFileReference; fileEncoding = 4; lastKnownFileType = sourcecode.cpp.cpp; path = OperatingSystem.cpp; sourceTree = "<group>"; };
		5B4C02C31B805739003FCB02 /* SDL2_ttf.framework */ = {isa = PBXFileReference; lastKnownFileType = wrapper.framework; path = SDL2_ttf.framework; sourceTree = "<group>"; };
		5B4C02C61B80578D003FCB02 /* ConsoleLayer.cpp */ = {isa = PBXFileReference; fileEncoding = 4; lastKnownFileType = sourcecode.cpp.cpp; path = ConsoleLayer.cpp; sourceTree = "<group>"; };
		5B4C02C71B80578D003FCB02 /* ConsoleLayer.hpp */ = {isa = PBXFileReference; fileEncoding = 4; lastKnownFileType = sourcecode.cpp.h; path = ConsoleLayer.hpp; sourceTree = "<group>"; };
		5B4C02C91B805980003FCB02 /* Font.cpp */ = {isa = PBXFileReference; fileEncoding = 4; lastKnownFileType = sourcecode.cpp.cpp; path = Font.cpp; sourceTree = "<group>"; };
		5B4C02CA1B805980003FCB02 /* Font.hpp */ = {isa = PBXFileReference; fileEncoding = 4; lastKnownFileType = sourcecode.cpp.h; path = Font.hpp; sourceTree = "<group>"; };
		5B4C02CC1B805B01003FCB02 /* Color.cpp */ = {isa = PBXFileReference; fileEncoding = 4; lastKnownFileType = sourcecode.cpp.cpp; path = Color.cpp; sourceTree = "<group>"; };
		5B4C02CD1B805B01003FCB02 /* Color.hpp */ = {isa = PBXFileReference; fileEncoding = 4; lastKnownFileType = sourcecode.cpp.h; path = Color.hpp; sourceTree = "<group>"; };
		5B570EFC1C476FEF005B3627 /* PauseMenu.cpp */ = {isa = PBXFileReference; fileEncoding = 4; lastKnownFileType = sourcecode.cpp.cpp; path = PauseMenu.cpp; sourceTree = "<group>"; };
		5B570EFD1C476FEF005B3627 /* PauseMenu.hpp */ = {isa = PBXFileReference; fileEncoding = 4; lastKnownFileType = sourcecode.cpp.h; path = PauseMenu.hpp; sourceTree = "<group>"; };
		5B5BB1C01856CE990019CAD1 /* Command.hpp */ = {isa = PBXFileReference; fileEncoding = 4; lastKnownFileType = sourcecode.cpp.h; path = Command.hpp; sourceTree = "<group>"; };
		5B5BB1C21856CEDA0019CAD1 /* CommandQueue.cpp */ = {isa = PBXFileReference; fileEncoding = 4; lastKnownFileType = sourcecode.cpp.cpp; path = CommandQueue.cpp; sourceTree = "<group>"; };
		5B5BB1C31856CEDA0019CAD1 /* CommandQueue.hpp */ = {isa = PBXFileReference; fileEncoding = 4; lastKnownFileType = sourcecode.cpp.h; path = CommandQueue.hpp; sourceTree = "<group>"; };
		5B5BB1C51856D5370019CAD1 /* XmlTileMapLoader.cpp */ = {isa = PBXFileReference; fileEncoding = 4; lastKnownFileType = sourcecode.cpp.cpp; path = XmlTileMapLoader.cpp; sourceTree = "<group>"; };
		5B5BB1C61856D5370019CAD1 /* XmlTileMapLoader.hpp */ = {isa = PBXFileReference; fileEncoding = 4; lastKnownFileType = sourcecode.cpp.h; path = XmlTileMapLoader.hpp; sourceTree = "<group>"; };
		5B5C97B01B80DFF400C9D6C1 /* PressStart2P.ttf */ = {isa = PBXFileReference; lastKnownFileType = file; path = PressStart2P.ttf; sourceTree = "<group>"; };
		5B5C97B21B80EC4600C9D6C1 /* EventListener.cpp */ = {isa = PBXFileReference; fileEncoding = 4; lastKnownFileType = sourcecode.cpp.cpp; path = EventListener.cpp; sourceTree = "<group>"; };
		5B74B8881C4DAC2C00E34D17 /* HowToPlay.cpp */ = {isa = PBXFileReference; fileEncoding = 4; lastKnownFileType = sourcecode.cpp.cpp; path = HowToPlay.cpp; sourceTree = "<group>"; };
		5B74B8891C4DAC2C00E34D17 /* HowToPlay.hpp */ = {isa = PBXFileReference; fileEncoding = 4; lastKnownFileType = sourcecode.cpp.h; path = HowToPlay.hpp; sourceTree = "<group>"; };
		5B74B88B1C4E0BAC00E34D17 /* arrows_tutorial.png */ = {isa = PBXFileReference; lastKnownFileType = image.png; path = arrows_tutorial.png; sourceTree = "<group>"; };
		5B74B88D1C4E0DB800E34D17 /* bomb_tutorial.png */ = {isa = PBXFileReference; lastKnownFileType = image.png; path = bomb_tutorial.png; sourceTree = "<group>"; };
		5B74B88F1C4E0ED200E34D17 /* enemies_tutorial.png */ = {isa = PBXFileReference; lastKnownFileType = image.png; path = enemies_tutorial.png; sourceTree = "<group>"; };
		5B74B8911C4E108B00E34D17 /* endgame_tutorial.png */ = {isa = PBXFileReference; lastKnownFileType = image.png; path = endgame_tutorial.png; sourceTree = "<group>"; };
		5B74B8931C4E17A500E34D17 /* arrow_left.png */ = {isa = PBXFileReference; lastKnownFileType = image.png; path = arrow_left.png; sourceTree = "<group>"; };
		5B74B8941C4E17A500E34D17 /* arrow_right.png */ = {isa = PBXFileReference; lastKnownFileType = image.png; path = arrow_right.png; sourceTree = "<group>"; };
		5B74B8971C4E2CBD00E34D17 /* extraBomb_tutorial.png */ = {isa = PBXFileReference; lastKnownFileType = image.png; path = extraBomb_tutorial.png; sourceTree = "<group>"; };
		5B74B8981C4E2CBD00E34D17 /* increaseRange_tutorial.png */ = {isa = PBXFileReference; lastKnownFileType = image.png; path = increaseRange_tutorial.png; sourceTree = "<group>"; };
		5B74B8991C4E2CBD00E34D17 /* remote_tutorial.png */ = {isa = PBXFileReference; lastKnownFileType = image.png; path = remote_tutorial.png; sourceTree = "<group>"; };
		5B74B89D1C4E309100E34D17 /* hud_tutorial.png */ = {isa = PBXFileReference; lastKnownFileType = image.png; path = hud_tutorial.png; sourceTree = "<group>"; };
		5B755C751822E81300DADA25 /* Configuration.cpp */ = {isa = PBXFileReference; fileEncoding = 4; lastKnownFileType = sourcecode.cpp.cpp; path = Configuration.cpp; sourceTree = "<group>"; };
		5B755C761822E81300DADA25 /* Configuration.hpp */ = {isa = PBXFileReference; fileEncoding = 4; lastKnownFileType = sourcecode.cpp.h; path = Configuration.hpp; sourceTree = "<group>"; };
		5B76EC621820DD1B00D499EE /* Bomberman.app */ = {isa = PBXFileReference; explicitFileType = wrapper.application; includeInIndex = 0; path = Bomberman.app; sourceTree = BUILT_PRODUCTS_DIR; };
		5B76EC831820DD1B00D499EE /* BombermanTests.xctest */ = {isa = PBXFileReference; explicitFileType = wrapper.cfbundle; includeInIndex = 0; path = BombermanTests.xctest; sourceTree = BUILT_PRODUCTS_DIR; };
		5B87384B184E580E0014D94B /* Rectangle.hpp */ = {isa = PBXFileReference; lastKnownFileType = sourcecode.cpp.h; path = Rectangle.hpp; sourceTree = "<group>"; };
		5B87384C184E582B0014D94B /* Rectangle.cpp */ = {isa = PBXFileReference; fileEncoding = 4; lastKnownFileType = sourcecode.cpp.cpp; path = Rectangle.cpp; sourceTree = "<group>"; };
		5B89973E1C35C16E003AB8B0 /* ScreenComponent.cpp */ = {isa = PBXFileReference; fileEncoding = 4; lastKnownFileType = sourcecode.cpp.cpp; path = ScreenComponent.cpp; sourceTree = "<group>"; };
		5B89973F1C35C16E003AB8B0 /* ScreenComponent.hpp */ = {isa = PBXFileReference; fileEncoding = 4; lastKnownFileType = sourcecode.cpp.h; path = ScreenComponent.hpp; sourceTree = "<group>"; };
		5B8997401C35C16E003AB8B0 /* ScreenManager.cpp */ = {isa = PBXFileReference; fileEncoding = 4; lastKnownFileType = sourcecode.cpp.cpp; path = ScreenManager.cpp; sourceTree = "<group>"; };
		5B8997411C35C16E003AB8B0 /* ScreenManager.hpp */ = {isa = PBXFileReference; fileEncoding = 4; lastKnownFileType = sourcecode.cpp.h; path = ScreenManager.hpp; sourceTree = "<group>"; };
		5B8997441C35C875003AB8B0 /* Updatable.cpp */ = {isa = PBXFileReference; fileEncoding = 4; lastKnownFileType = sourcecode.cpp.cpp; path = Updatable.cpp; sourceTree = "<group>"; };
		5B8997451C35C875003AB8B0 /* Updatable.hpp */ = {isa = PBXFileReference; fileEncoding = 4; lastKnownFileType = sourcecode.cpp.h; path = Updatable.hpp; sourceTree = "<group>"; };
		5B8997471C35C8DF003AB8B0 /* Drawable.cpp */ = {isa = PBXFileReference; fileEncoding = 4; lastKnownFileType = sourcecode.cpp.cpp; path = Drawable.cpp; sourceTree = "<group>"; };
		5B8997481C35C8DF003AB8B0 /* Drawable.hpp */ = {isa = PBXFileReference; fileEncoding = 4; lastKnownFileType = sourcecode.cpp.h; path = Drawable.hpp; sourceTree = "<group>"; };
		5B89974D1C360DA9003AB8B0 /* life.png */ = {isa = PBXFileReference; lastKnownFileType = image.png; path = life.png; sourceTree = "<group>"; };
		5B89974F1C366096003AB8B0 /* GameOverCommand.cpp */ = {isa = PBXFileReference; fileEncoding = 4; lastKnownFileType = sourcecode.cpp.cpp; path = GameOverCommand.cpp; sourceTree = "<group>"; };
		5B8997501C366096003AB8B0 /* GameOverCommand.hpp */ = {isa = PBXFileReference; fileEncoding = 4; lastKnownFileType = sourcecode.cpp.h; path = GameOverCommand.hpp; sourceTree = "<group>"; };
		5B8997521C3677A6003AB8B0 /* door.png */ = {isa = PBXFileReference; lastKnownFileType = image.png; path = door.png; sourceTree = "<group>"; };
		5B8997531C367CB3003AB8B0 /* destroyedDoor.png */ = {isa = PBXFileReference; lastKnownFileType = image.png; path = destroyedDoor.png; sourceTree = "<group>"; };
		5B9228971A107EA7009ADD10 /* Constants.hpp */ = {isa = PBXFileReference; lastKnownFileType = sourcecode.cpp.h; path = Constants.hpp; sourceTree = "<group>"; };
		5B92289A1A10898E009ADD10 /* TxtTileMapLoader.cpp */ = {isa = PBXFileReference; fileEncoding = 4; lastKnownFileType = sourcecode.cpp.cpp; path = TxtTileMapLoader.cpp; sourceTree = "<group>"; };
		5B92289B1A10898E009ADD10 /* TxtTileMapLoader.hpp */ = {isa = PBXFileReference; fileEncoding = 4; lastKnownFileType = sourcecode.cpp.h; path = TxtTileMapLoader.hpp; sourceTree = "<group>"; };
		5B9382141B81A37B00C42269 /* QuitCommand.cpp */ = {isa = PBXFileReference; fileEncoding = 4; lastKnownFileType = sourcecode.cpp.cpp; path = QuitCommand.cpp; sourceTree = "<group>"; };
		5B9382151B81A37B00C42269 /* QuitCommand.hpp */ = {isa = PBXFileReference; fileEncoding = 4; lastKnownFileType = sourcecode.cpp.h; path = QuitCommand.hpp; sourceTree = "<group>"; };
		5B9382171B81A75700C42269 /* LoopQuiter.cpp */ = {isa = PBXFileReference; fileEncoding = 4; lastKnownFileType = sourcecode.cpp.cpp; path = LoopQuiter.cpp; sourceTree = "<group>"; };
		5B9382181B81A75700C42269 /* LoopQuiter.hpp */ = {isa = PBXFileReference; fileEncoding = 4; lastKnownFileType = sourcecode.cpp.h; path = LoopQuiter.hpp; sourceTree = "<group>"; };
		5B9E27F91C514DC800C74CB7 /* MapEditor.cpp */ = {isa = PBXFileReference; fileEncoding = 4; lastKnownFileType = sourcecode.cpp.cpp; path = MapEditor.cpp; sourceTree = "<group>"; };
		5B9E27FA1C514DC800C74CB7 /* MapEditor.hpp */ = {isa = PBXFileReference; fileEncoding = 4; lastKnownFileType = sourcecode.cpp.h; path = MapEditor.hpp; sourceTree = "<group>"; };
		5BB4D82A1B7FB2920066077D /* Item.cpp */ = {isa = PBXFileReference; fileEncoding = 4; lastKnownFileType = sourcecode.cpp.cpp; path = Item.cpp; sourceTree = "<group>"; };
		5BB4D82B1B7FB2920066077D /* Item.hpp */ = {isa = PBXFileReference; fileEncoding = 4; lastKnownFileType = sourcecode.cpp.h; path = Item.hpp; sourceTree = "<group>"; };
		5BB4D82D1B7FCE380066077D /* ConsoleEvents.cpp */ = {isa = PBXFileReference; fileEncoding = 4; lastKnownFileType = sourcecode.cpp.cpp; path = ConsoleEvents.cpp; sourceTree = "<group>"; };
		5BB4D82E1B7FCE380066077D /* ConsoleEvents.hpp */ = {isa = PBXFileReference; fileEncoding = 4; lastKnownFileType = sourcecode.cpp.h; path = ConsoleEvents.hpp; sourceTree = "<group>"; };
		5BB4D8301B7FD2F10066077D /* Console.cpp */ = {isa = PBXFileReference; fileEncoding = 4; lastKnownFileType = sourcecode.cpp.cpp; path = Console.cpp; sourceTree = "<group>"; };
		5BB4D8311B7FD2F10066077D /* Console.hpp */ = {isa = PBXFileReference; fileEncoding = 4; lastKnownFileType = sourcecode.cpp.h; path = Console.hpp; sourceTree = "<group>"; };
		5BB4D8361B7FE6680066077D /* HudLayer.cpp */ = {isa = PBXFileReference; fileEncoding = 4; lastKnownFileType = sourcecode.cpp.cpp; path = HudLayer.cpp; sourceTree = "<group>"; };
		5BB4D8371B7FE6680066077D /* HudLayer.hpp */ = {isa = PBXFileReference; fileEncoding = 4; lastKnownFileType = sourcecode.cpp.h; path = HudLayer.hpp; sourceTree = "<group>"; };
		5BB79DAC1C45AD9E00E72350 /* map2.txt */ = {isa = PBXFileReference; fileEncoding = 4; lastKnownFileType = text; path = map2.txt; sourceTree = "<group>"; };
		5BBB9E521820EB3F00726BC5 /* Engine.cpp */ = {isa = PBXFileReference; fileEncoding = 4; lastKnownFileType = sourcecode.cpp.cpp; path = Engine.cpp; sourceTree = "<group>"; };
		5BBB9E531820EB3F00726BC5 /* Engine.hpp */ = {isa = PBXFileReference; fileEncoding = 4; lastKnownFileType = sourcecode.cpp.h; path = Engine.hpp; sourceTree = "<group>"; };
		5BBC81291829C0CF006F448F /* EventListener.hpp */ = {isa = PBXFileReference; lastKnownFileType = sourcecode.cpp.h; path = EventListener.hpp; sourceTree = "<group>"; };
		5BBFCC9D185FFA3D0016F56A /* Console Grammar.txt */ = {isa = PBXFileReference; fileEncoding = 4; lastKnownFileType = text; path = "Console Grammar.txt"; sourceTree = "<group>"; };
		5BBFCC9E185FFD910016F56A /* First.cpp */ = {isa = PBXFileReference; fileEncoding = 4; lastKnownFileType = sourcecode.cpp.cpp; path = First.cpp; sourceTree = "<group>"; };
		5BBFCC9F185FFD910016F56A /* First.hpp */ = {isa = PBXFileReference; fileEncoding = 4; lastKnownFileType = sourcecode.cpp.h; path = First.hpp; sourceTree = "<group>"; };
		5BBFCCA0185FFD910016F56A /* Parser.cpp */ = {isa = PBXFileReference; fileEncoding = 4; lastKnownFileType = sourcecode.cpp.cpp; path = Parser.cpp; sourceTree = "<group>"; };
		5BBFCCA1185FFD910016F56A /* Parser.hpp */ = {isa = PBXFileReference; fileEncoding = 4; lastKnownFileType = sourcecode.cpp.h; path = Parser.hpp; sourceTree = "<group>"; };
		5BBFCCA4185FFF710016F56A /* CommandFactory.cpp */ = {isa = PBXFileReference; fileEncoding = 4; lastKnownFileType = sourcecode.cpp.cpp; path = CommandFactory.cpp; sourceTree = "<group>"; };
		5BBFCCA5185FFF710016F56A /* CommandFactory.hpp */ = {isa = PBXFileReference; fileEncoding = 4; lastKnownFileType = sourcecode.cpp.h; path = CommandFactory.hpp; sourceTree = "<group>"; };
		5BC95BC51B9CF00B005FAA0E /* extraBomb.png */ = {isa = PBXFileReference; lastKnownFileType = image.png; path = extraBomb.png; sourceTree = "<group>"; };
		5BC95BC61B9CF00B005FAA0E /* increaseRange.png */ = {isa = PBXFileReference; lastKnownFileType = image.png; path = increaseRange.png; sourceTree = "<group>"; };
		5BD37AF31822199200BB1C28 /* tile0.png */ = {isa = PBXFileReference; lastKnownFileType = image.png; path = tile0.png; sourceTree = "<group>"; };
		5BD37AF5182219F300BB1C28 /* tile1.png */ = {isa = PBXFileReference; lastKnownFileType = image.png; path = tile1.png; sourceTree = "<group>"; };
		5BD37AF6182219F300BB1C28 /* tile2.png */ = {isa = PBXFileReference; lastKnownFileType = image.png; path = tile2.png; sourceTree = "<group>"; };
		5BD37B00182228B900BB1C28 /* Matrix.hpp */ = {isa = PBXFileReference; fileEncoding = 4; lastKnownFileType = sourcecode.cpp.h; path = Matrix.hpp; sourceTree = "<group>"; };
		5BD6AD0018236FC500E661DA /* config.xml */ = {isa = PBXFileReference; fileEncoding = 4; lastKnownFileType = text.xml; path = config.xml; sourceTree = "<group>"; };
		5BD6AD0218237BBA00E661DA /* Logger.hpp */ = {isa = PBXFileReference; fileEncoding = 4; lastKnownFileType = sourcecode.cpp.h; path = Logger.hpp; sourceTree = "<group>"; };
		5BD6AD0318237CE000E661DA /* Logger.cpp */ = {isa = PBXFileReference; fileEncoding = 4; lastKnownFileType = sourcecode.cpp.cpp; path = Logger.cpp; sourceTree = "<group>"; };
		5BD6AD161823A36B00E661DA /* tinyxml2.cpp */ = {isa = PBXFileReference; fileEncoding = 4; lastKnownFileType = sourcecode.cpp.cpp; path = tinyxml2.cpp; sourceTree = "<group>"; };
		5BDBF7E51821780000BE71CC /* GameLayer.cpp */ = {isa = PBXFileReference; fileEncoding = 4; lastKnownFileType = sourcecode.cpp.cpp; path = GameLayer.cpp; sourceTree = "<group>"; };
		5BDBF7E61821780000BE71CC /* GameLayer.hpp */ = {isa = PBXFileReference; fileEncoding = 4; lastKnownFileType = sourcecode.cpp.h; path = GameLayer.hpp; sourceTree = "<group>"; };
		5BDC7DA3182AA18C0093391D /* Coordinate.cpp */ = {isa = PBXFileReference; fileEncoding = 4; lastKnownFileType = sourcecode.cpp.cpp; path = Coordinate.cpp; sourceTree = "<group>"; };
		5BDC7DA4182AA18C0093391D /* Coordinate.hpp */ = {isa = PBXFileReference; fileEncoding = 4; lastKnownFileType = sourcecode.cpp.h; path = Coordinate.hpp; sourceTree = "<group>"; };
		5BE4A21618358FFF00EE49AF /* Brick.cpp */ = {isa = PBXFileReference; fileEncoding = 4; lastKnownFileType = sourcecode.cpp.cpp; path = Brick.cpp; sourceTree = "<group>"; };
		5BE4A21718358FFF00EE49AF /* Brick.hpp */ = {isa = PBXFileReference; fileEncoding = 4; lastKnownFileType = sourcecode.cpp.h; path = Brick.hpp; sourceTree = "<group>"; };
		5BEFA54D1A17E809001D1337 /* Transformer.cpp */ = {isa = PBXFileReference; fileEncoding = 4; lastKnownFileType = sourcecode.cpp.cpp; path = Transformer.cpp; sourceTree = "<group>"; };
		5BEFA54E1A17E809001D1337 /* Transformer.hpp */ = {isa = PBXFileReference; fileEncoding = 4; lastKnownFileType = sourcecode.cpp.h; path = Transformer.hpp; sourceTree = "<group>"; };
		5BF149831A1ACEBF003CF6D8 /* Explosion.cpp */ = {isa = PBXFileReference; fileEncoding = 4; lastKnownFileType = sourcecode.cpp.cpp; path = Explosion.cpp; sourceTree = "<group>"; };
		5BF149841A1ACEBF003CF6D8 /* Explosion.hpp */ = {isa = PBXFileReference; fileEncoding = 4; lastKnownFileType = sourcecode.cpp.h; path = Explosion.hpp; sourceTree = "<group>"; };
		5BF554991833F67D00DAC339 /* Log.cpp */ = {isa = PBXFileReference; fileEncoding = 4; lastKnownFileType = sourcecode.cpp.cpp; path = Log.cpp; sourceTree = "<group>"; };
		5BF5549A1833F67D00DAC339 /* Log.hpp */ = {isa = PBXFileReference; fileEncoding = 4; lastKnownFileType = sourcecode.cpp.h; path = Log.hpp; sourceTree = "<group>"; };
		5BF5549C1833F70400DAC339 /* LogLevel.cpp */ = {isa = PBXFileReference; fileEncoding = 4; lastKnownFileType = sourcecode.cpp.cpp; path = LogLevel.cpp; sourceTree = "<group>"; };
		5BF5549D1833F70400DAC339 /* LogLevel.hpp */ = {isa = PBXFileReference; fileEncoding = 4; lastKnownFileType = sourcecode.cpp.h; path = LogLevel.hpp; sourceTree = "<group>"; };
		5BF63CA5182187CF001315AD /* CoreFoundation.framework */ = {isa = PBXFileReference; lastKnownFileType = wrapper.framework; name = CoreFoundation.framework; path = System/Library/Frameworks/CoreFoundation.framework; sourceTree = SDKROOT; };
		5BF63CA818218A41001315AD /* map1.xml */ = {isa = PBXFileReference; fileEncoding = 4; lastKnownFileType = text.xml; path = map1.xml; sourceTree = "<group>"; };
/* End PBXFileReference section */

/* Begin PBXFrameworksBuildPhase section */
		5B76EC5F1820DD1B00D499EE /* Frameworks */ = {
			isa = PBXFrameworksBuildPhase;
			buildActionMask = 2147483647;
			files = (
				5B4C02C41B805739003FCB02 /* SDL2_ttf.framework in Frameworks */,
				5BF63CA6182187CF001315AD /* CoreFoundation.framework in Frameworks */,
				5B0EEC2B1820E0D20084C40C /* SDL2.framework in Frameworks */,
				5B1BF7521822E48B009DCA31 /* SDL2_image.framework in Frameworks */,
			);
			runOnlyForDeploymentPostprocessing = 0;
		};
		5B76EC801820DD1B00D499EE /* Frameworks */ = {
			isa = PBXFrameworksBuildPhase;
			buildActionMask = 2147483647;
			files = (
			);
			runOnlyForDeploymentPostprocessing = 0;
		};
/* End PBXFrameworksBuildPhase section */

/* Begin PBXGroup section */
		5B03C1251860E7190011C3DA /* Map */ = {
			isa = PBXGroup;
			children = (
				5B0022781A2BEB8A008805D9 /* DummyTileMapBuilder.cpp */,
				5B0022791A2BEB8A008805D9 /* DummyTileMapBuilder.hpp */,
				5B3795C81820F6E60050381F /* TileMap.cpp */,
				5B3795C91820F6E60050381F /* TileMap.hpp */,
				5B03C1271860F0450011C3DA /* TileMapBuilder.hpp */,
				5B92289A1A10898E009ADD10 /* TxtTileMapLoader.cpp */,
				5B92289B1A10898E009ADD10 /* TxtTileMapLoader.hpp */,
				5B5BB1C51856D5370019CAD1 /* XmlTileMapLoader.cpp */,
				5B5BB1C61856D5370019CAD1 /* XmlTileMapLoader.hpp */,
			);
			path = Map;
			sourceTree = "<group>";
		};
		5B06B2C41C3281D900F3F9EA /* Core */ = {
			isa = PBXGroup;
			children = (
				5B4C02CC1B805B01003FCB02 /* Color.cpp */,
				5B4C02CD1B805B01003FCB02 /* Color.hpp */,
				5B3B82D91857ACB700CECE27 /* Command.cpp */,
				5B5BB1C01856CE990019CAD1 /* Command.hpp */,
				5B5BB1C21856CEDA0019CAD1 /* CommandQueue.cpp */,
				5B5BB1C31856CEDA0019CAD1 /* CommandQueue.hpp */,
				5B8997471C35C8DF003AB8B0 /* Drawable.cpp */,
				5B8997481C35C8DF003AB8B0 /* Drawable.hpp */,
				5BBB9E521820EB3F00726BC5 /* Engine.cpp */,
				5BBB9E531820EB3F00726BC5 /* Engine.hpp */,
				5B5C97B21B80EC4600C9D6C1 /* EventListener.cpp */,
				5BBC81291829C0CF006F448F /* EventListener.hpp */,
				5B4C02C91B805980003FCB02 /* Font.cpp */,
				5B4C02CA1B805980003FCB02 /* Font.hpp */,
				5B5BB1B71856ADE40019CAD1 /* Log */,
				5B9382171B81A75700C42269 /* LoopQuiter.cpp */,
				5B9382181B81A75700C42269 /* LoopQuiter.hpp */,
				5B0496411825D01600C1FBCB /* MainLoop.cpp */,
				5B0496421825D01600C1FBCB /* MainLoop.hpp */,
				5B5BB1B81856AE020019CAD1 /* Math */,
				5B0C65DE182ADDF8003E3BD4 /* Screen.cpp */,
				5B0496401825CF7E00C1FBCB /* Screen.hpp */,
				5B89973E1C35C16E003AB8B0 /* ScreenComponent.cpp */,
				5B89973F1C35C16E003AB8B0 /* ScreenComponent.hpp */,
				5B8997401C35C16E003AB8B0 /* ScreenManager.cpp */,
				5B8997411C35C16E003AB8B0 /* ScreenManager.hpp */,
				5B3946301C4EEB8A00FA3CDA /* SignalSender.cpp */,
				5B3946311C4EEB8A00FA3CDA /* SignalSender.hpp */,
				5B39462D1C4ED9B000FA3CDA /* SignalHandler.cpp */,
				5B39462E1C4ED9B000FA3CDA /* SignalHandler.hpp */,
				5B3795CC1820FBAA0050381F /* Texture.cpp */,
				5B3795CD1820FBAA0050381F /* Texture.hpp */,
				5B1015061A26BEE100CCCC77 /* Timer.cpp */,
				5B1015071A26BEE100CCCC77 /* Timer.hpp */,
				5B8997441C35C875003AB8B0 /* Updatable.cpp */,
				5B8997451C35C875003AB8B0 /* Updatable.hpp */,
				5B5BB1BA1856AE1E0019CAD1 /* Utils */,
			);
			path = Core;
			sourceTree = "<group>";
		};
		5B06B2C51C3281E500F3F9EA /* Game */ = {
			isa = PBXGroup;
			children = (
				5BBFCCA4185FFF710016F56A /* CommandFactory.cpp */,
				5BBFCCA5185FFF710016F56A /* CommandFactory.hpp */,
				5B3B82D21857AB5900CECE27 /* Commands */,
				5B755C751822E81300DADA25 /* Configuration.cpp */,
				5B755C761822E81300DADA25 /* Configuration.hpp */,
				5B3B82DB1857CD6A00CECE27 /* Console */,
				5BB4D8301B7FD2F10066077D /* Console.cpp */,
				5BB4D8311B7FD2F10066077D /* Console.hpp */,
				5B9228971A107EA7009ADD10 /* Constants.hpp */,
				5B5BB1B61856ADA70019CAD1 /* Elements */,
				5B3B82CE1857A80D00CECE27 /* EventListeners */,
				5B3946381C4F711500FA3CDA /* InGameCommandQueue.cpp */,
				5B3946391C4F711500FA3CDA /* InGameCommandQueue.hpp */,
				5B5BB1B91856AE110019CAD1 /* Layers */,
				5B03C1251860E7190011C3DA /* Map */,
				5B39463E1C4F827300FA3CDA /* MapSetter.cpp */,
				5B39463F1C4F827300FA3CDA /* MapSetter.hpp */,
				5B275BF81C5958D500080BAC /* MenuBar.cpp */,
				5B275BF91C5958D500080BAC /* MenuBar.hpp */,
				5B275BFB1C59607F00080BAC /* MenuBarEntry.cpp */,
				5B275BFC1C59607F00080BAC /* MenuBarEntry.hpp */,
				5B4479861C50BC3300007754 /* Signal.cpp */,
				5B3946331C4EF53A00FA3CDA /* Signal.hpp */,
			);
			path = Game;
			sourceTree = "<group>";
		};
		5B3B82CE1857A80D00CECE27 /* EventListeners */ = {
			isa = PBXGroup;
			children = (
				5BB4D82D1B7FCE380066077D /* ConsoleEvents.cpp */,
				5BB4D82E1B7FCE380066077D /* ConsoleEvents.hpp */,
				5B3B82CF1857A82700CECE27 /* PlayerEvents.cpp */,
				5B3B82D01857A82700CECE27 /* PlayerEvents.hpp */,
			);
			path = EventListeners;
			sourceTree = "<group>";
		};
		5B3B82D21857AB5900CECE27 /* Commands */ = {
			isa = PBXGroup;
			children = (
				5B89974F1C366096003AB8B0 /* GameOverCommand.cpp */,
				5B8997501C366096003AB8B0 /* GameOverCommand.hpp */,
				5B3B82D31857AB7800CECE27 /* PlayerCommand.cpp */,
				5B3B82D41857AB7800CECE27 /* PlayerCommand.hpp */,
				5B9382141B81A37B00C42269 /* QuitCommand.cpp */,
				5B9382151B81A37B00C42269 /* QuitCommand.hpp */,
			);
			path = Commands;
			sourceTree = "<group>";
		};
		5B3B82DB1857CD6A00CECE27 /* Console */ = {
			isa = PBXGroup;
			children = (
				5BBFCC9E185FFD910016F56A /* First.cpp */,
				5BBFCC9F185FFD910016F56A /* First.hpp */,
				5BBFCCA0185FFD910016F56A /* Parser.cpp */,
				5BBFCCA1185FFD910016F56A /* Parser.hpp */,
				5B3B82DF1857CE3D00CECE27 /* Token.cpp */,
				5B3B82E01857CE3D00CECE27 /* Token.hpp */,
				5B3B82DC1857CDC100CECE27 /* TokenFactory.cpp */,
				5B3B82DD1857CDC100CECE27 /* TokenFactory.hpp */,
			);
			path = Console;
			sourceTree = "<group>";
		};
		5B5BB1B61856ADA70019CAD1 /* Elements */ = {
			isa = PBXGroup;
			children = (
				5B2174221A1AB20D0033B3AA /* Bomb.cpp */,
				5B2174231A1AB20D0033B3AA /* Bomb.hpp */,
				5BE4A21618358FFF00EE49AF /* Brick.cpp */,
				5BE4A21718358FFF00EE49AF /* Brick.hpp */,
				5B00226F1A2BE5A7008805D9 /* Enemy.cpp */,
				5B0022701A2BE5A7008805D9 /* Enemy.hpp */,
				5BF149831A1ACEBF003CF6D8 /* Explosion.cpp */,
				5BF149841A1ACEBF003CF6D8 /* Explosion.hpp */,
				5BB4D82A1B7FB2920066077D /* Item.cpp */,
				5BB4D82B1B7FB2920066077D /* Item.hpp */,
				5B0C86851852612C0005CADD /* Player.cpp */,
				5B0C86841852607A0005CADD /* Player.hpp */,
			);
			path = Elements;
			sourceTree = "<group>";
		};
		5B5BB1B71856ADE40019CAD1 /* Log */ = {
			isa = PBXGroup;
			children = (
				5BF554991833F67D00DAC339 /* Log.cpp */,
				5BF5549A1833F67D00DAC339 /* Log.hpp */,
				5BD6AD0318237CE000E661DA /* Logger.cpp */,
				5BD6AD0218237BBA00E661DA /* Logger.hpp */,
				5B25FA2F1A33D2040068AFC1 /* LoggerFactory.cpp */,
				5B25FA301A33D2040068AFC1 /* LoggerFactory.hpp */,
				5BF5549C1833F70400DAC339 /* LogLevel.cpp */,
				5BF5549D1833F70400DAC339 /* LogLevel.hpp */,
				5B2174211A1A7D3D0033B3AA /* LogSystem.h */,
			);
			path = Log;
			sourceTree = "<group>";
		};
		5B5BB1B81856AE020019CAD1 /* Math */ = {
			isa = PBXGroup;
			children = (
				5BDC7DA3182AA18C0093391D /* Coordinate.cpp */,
				5BDC7DA4182AA18C0093391D /* Coordinate.hpp */,
				5BD37B00182228B900BB1C28 /* Matrix.hpp */,
				5B0022811A2C1206008805D9 /* Random.cpp */,
				5B0022821A2C1206008805D9 /* Random.hpp */,
				5B87384C184E582B0014D94B /* Rectangle.cpp */,
				5B87384B184E580E0014D94B /* Rectangle.hpp */,
				5BEFA54D1A17E809001D1337 /* Transformer.cpp */,
				5BEFA54E1A17E809001D1337 /* Transformer.hpp */,
			);
			path = Math;
			sourceTree = "<group>";
		};
		5B5BB1B91856AE110019CAD1 /* Layers */ = {
			isa = PBXGroup;
			children = (
				5B4C02C61B80578D003FCB02 /* ConsoleLayer.cpp */,
				5B4C02C71B80578D003FCB02 /* ConsoleLayer.hpp */,
				5BDBF7E51821780000BE71CC /* GameLayer.cpp */,
				5BDBF7E61821780000BE71CC /* GameLayer.hpp */,
				5B74B8881C4DAC2C00E34D17 /* HowToPlay.cpp */,
				5B74B8891C4DAC2C00E34D17 /* HowToPlay.hpp */,
				5BB4D8361B7FE6680066077D /* HudLayer.cpp */,
				5BB4D8371B7FE6680066077D /* HudLayer.hpp */,
				5B40BF9C1C44D8B2001A2805 /* LevelListLayer.cpp */,
				5B40BF9D1C44D8B2001A2805 /* LevelListLayer.hpp */,
				5B1817A91C305561001CDAD8 /* MainMenuLayer.cpp */,
				5B1817A81C30554D001CDAD8 /* MainMenuLayer.hpp */,
				5B9E27F91C514DC800C74CB7 /* MapEditor.cpp */,
				5B9E27FA1C514DC800C74CB7 /* MapEditor.hpp */,
				5B570EFC1C476FEF005B3627 /* PauseMenu.cpp */,
				5B570EFD1C476FEF005B3627 /* PauseMenu.hpp */,
			);
			path = Layers;
			sourceTree = "<group>";
		};
		5B5BB1BA1856AE1E0019CAD1 /* Utils */ = {
			isa = PBXGroup;
			children = (
				5B4A1207183321E600C8A950 /* Exception.hpp */,
				5B4A120A1833256800C8A950 /* OperatingSystem.cpp */,
				5B4A1209183323A900C8A950 /* OperatingSystem.hpp */,
				5B2234741A16EEB8005BDA1C /* StringUtils.cpp */,
				5B2234751A16EEB8005BDA1C /* StringUtils.hpp */,
				5B31D6731A298524004ECEBD /* VectorUtils.hpp */,
				5B1B5F871C461D0200DDB79B /* PointerUtils.cpp */,
				5B1B5F881C461D0200DDB79B /* PointerUtils.hpp */,
			);
			path = Utils;
			sourceTree = "<group>";
		};
		5B5C97AE1B80DF9D00C9D6C1 /* Fonts */ = {
			isa = PBXGroup;
			children = (
				5B5C97B01B80DFF400C9D6C1 /* PressStart2P.ttf */,
			);
			name = Fonts;
			path = fonts;
			sourceTree = "<group>";
		};
		5B76EC591820DD1B00D499EE = {
			isa = PBXGroup;
			children = (
				5B15D56918466CB50039FD7B /* README.md */,
				5B0EEC281820E0BD0084C40C /* Info.plist */,
				5B76EC6B1820DD1B00D499EE /* Source */,
				5BBFCC9C185FFA240016F56A /* Documentation */,
				5BD6AD141823A30A00E661DA /* Libraries */,
				5B7731371820E3C500EF22BC /* Resources */,
				5B76EC641820DD1B00D499EE /* Frameworks */,
				5B76EC631820DD1B00D499EE /* Products */,
			);
			sourceTree = "<group>";
		};
		5B76EC631820DD1B00D499EE /* Products */ = {
			isa = PBXGroup;
			children = (
				5B76EC621820DD1B00D499EE /* Bomberman.app */,
				5B76EC831820DD1B00D499EE /* BombermanTests.xctest */,
			);
			name = Products;
			sourceTree = "<group>";
		};
		5B76EC641820DD1B00D499EE /* Frameworks */ = {
			isa = PBXGroup;
			children = (
				5B4C02C31B805739003FCB02 /* SDL2_ttf.framework */,
				5BF63CA5182187CF001315AD /* CoreFoundation.framework */,
				5B1BF7511822E48B009DCA31 /* SDL2_image.framework */,
				5B0EEC2A1820E0D20084C40C /* SDL2.framework */,
			);
			name = Frameworks;
			sourceTree = "<group>";
		};
		5B76EC6B1820DD1B00D499EE /* Source */ = {
			isa = PBXGroup;
			children = (
				5B06B2C41C3281D900F3F9EA /* Core */,
				5B06B2C51C3281E500F3F9EA /* Game */,
				5B0EEC2C1820E10A0084C40C /* main.cpp */,
			);
			name = Source;
			path = ../src;
			sourceTree = "<group>";
		};
		5B7731371820E3C500EF22BC /* Resources */ = {
			isa = PBXGroup;
			children = (
				5B5C97AE1B80DF9D00C9D6C1 /* Fonts */,
				5BF63CA7182189FA001315AD /* Maps */,
				5BD37AF21822145500BB1C28 /* Textures */,
				5BD6AD0018236FC500E661DA /* config.xml */,
			);
			name = Resources;
			path = ../resources;
			sourceTree = "<group>";
		};
		5BBFCC9C185FFA240016F56A /* Documentation */ = {
			isa = PBXGroup;
			children = (
				5BBFCC9D185FFA3D0016F56A /* Console Grammar.txt */,
			);
			name = Documentation;
			path = ../doc;
			sourceTree = "<group>";
		};
		5BD37AF21822145500BB1C28 /* Textures */ = {
			isa = PBXGroup;
			children = (
				5B74B89D1C4E309100E34D17 /* hud_tutorial.png */,
				5B74B8931C4E17A500E34D17 /* arrow_left.png */,
				5B74B8941C4E17A500E34D17 /* arrow_right.png */,
				5B74B88B1C4E0BAC00E34D17 /* arrows_tutorial.png */,
				5B4A11FE18331CAB00C8A950 /* background.png */,
				5B74B88D1C4E0DB800E34D17 /* bomb_tutorial.png */,
				5B2174251A1AC2820033B3AA /* bomb.png */,
				5B0C86821852550C0005CADD /* bomberman.png */,
				5B4A11FF18331CAB00C8A950 /* brick.png */,
				5B8997531C367CB3003AB8B0 /* destroyedDoor.png */,
				5B4A120018331CAB00C8A950 /* destructibleBrick.png */,
				5B8997521C3677A6003AB8B0 /* door.png */,
				5B74B8911C4E108B00E34D17 /* endgame_tutorial.png */,
				5B74B88F1C4E0ED200E34D17 /* enemies_tutorial.png */,
				5B00227B1A2C0593008805D9 /* enemy1.png */,
				5B00227D1A2C0A4C008805D9 /* enemy2.png */,
				5B00227E1A2C0A4C008805D9 /* enemy3.png */,
				5B1015091A26DFD400CCCC77 /* explosion.png */,
				5B74B8971C4E2CBD00E34D17 /* extraBomb_tutorial.png */,
				5BC95BC51B9CF00B005FAA0E /* extraBomb.png */,
				5B31D6751A299A53004ECEBD /* hud.png */,
				5B74B8981C4E2CBD00E34D17 /* increaseRange_tutorial.png */,
				5BC95BC61B9CF00B005FAA0E /* increaseRange.png */,
				5B89974D1C360DA9003AB8B0 /* life.png */,
				5B74B8991C4E2CBD00E34D17 /* remote_tutorial.png */,
				5B46E0EC1C2FECD20037426E /* remote.png */,
				5BD37AF31822199200BB1C28 /* tile0.png */,
				5BD37AF5182219F300BB1C28 /* tile1.png */,
				5BD37AF6182219F300BB1C28 /* tile2.png */,
			);
			name = Textures;
			path = textures;
			sourceTree = "<group>";
		};
		5BD6AD141823A30A00E661DA /* Libraries */ = {
			isa = PBXGroup;
			children = (
				5BD6AD151823A34C00E661DA /* TinyXml2 */,
			);
			name = Libraries;
			path = ../libs;
			sourceTree = "<group>";
		};
		5BD6AD151823A34C00E661DA /* TinyXml2 */ = {
			isa = PBXGroup;
			children = (
				5BD6AD161823A36B00E661DA /* tinyxml2.cpp */,
			);
			name = TinyXml2;
			path = tinyxml2;
			sourceTree = "<group>";
		};
		5BF63CA7182189FA001315AD /* Maps */ = {
			isa = PBXGroup;
			children = (
				5B2234731A16ED72005BDA1C /* map1.txt */,
				5BF63CA818218A41001315AD /* map1.xml */,
				5BB79DAC1C45AD9E00E72350 /* map2.txt */,
			);
			name = Maps;
			path = maps;
			sourceTree = "<group>";
		};
/* End PBXGroup section */

/* Begin PBXNativeTarget section */
		5B76EC611820DD1B00D499EE /* Bomberman */ = {
			isa = PBXNativeTarget;
			buildConfigurationList = 5B76EC931820DD1B00D499EE /* Build configuration list for PBXNativeTarget "Bomberman" */;
			buildPhases = (
				5B76EC5E1820DD1B00D499EE /* Sources */,
				5B76EC5F1820DD1B00D499EE /* Frameworks */,
				5B0EEC2F1820E1700084C40C /* CopyFiles */,
				5B87384E184E839E0014D94B /* CopyFiles */,
				5B3D1313182C71980070A335 /* CopyFiles */,
				5B3D130F182C716B0070A335 /* CopyFiles */,
				5B5C97AF1B80DFC800C9D6C1 /* CopyFiles */,
			);
			buildRules = (
			);
			dependencies = (
			);
			name = Bomberman;
			productName = Bomberman;
			productReference = 5B76EC621820DD1B00D499EE /* Bomberman.app */;
			productType = "com.apple.product-type.application";
		};
		5B76EC821820DD1B00D499EE /* BombermanTests */ = {
			isa = PBXNativeTarget;
			buildConfigurationList = 5B76EC961820DD1B00D499EE /* Build configuration list for PBXNativeTarget "BombermanTests" */;
			buildPhases = (
				5B76EC7F1820DD1B00D499EE /* Sources */,
				5B76EC801820DD1B00D499EE /* Frameworks */,
				5B76EC811820DD1B00D499EE /* Resources */,
			);
			buildRules = (
			);
			dependencies = (
				5B76EC881820DD1B00D499EE /* PBXTargetDependency */,
			);
			name = BombermanTests;
			productName = BombermanTests;
			productReference = 5B76EC831820DD1B00D499EE /* BombermanTests.xctest */;
			productType = "com.apple.product-type.bundle.unit-test";
		};
/* End PBXNativeTarget section */

/* Begin PBXProject section */
		5B76EC5A1820DD1B00D499EE /* Project object */ = {
			isa = PBXProject;
			attributes = {
				LastUpgradeCheck = 0640;
				ORGANIZATIONNAME = Vraiment;
				TargetAttributes = {
					5B76EC821820DD1B00D499EE = {
						TestTargetID = 5B76EC611820DD1B00D499EE;
					};
				};
			};
			buildConfigurationList = 5B76EC5D1820DD1B00D499EE /* Build configuration list for PBXProject "Bomberman" */;
			compatibilityVersion = "Xcode 3.2";
			developmentRegion = English;
			hasScannedForEncodings = 0;
			knownRegions = (
				en,
				Base,
			);
			mainGroup = 5B76EC591820DD1B00D499EE;
			productRefGroup = 5B76EC631820DD1B00D499EE /* Products */;
			projectDirPath = "";
			projectRoot = "";
			targets = (
				5B76EC611820DD1B00D499EE /* Bomberman */,
				5B76EC821820DD1B00D499EE /* BombermanTests */,
			);
		};
/* End PBXProject section */

/* Begin PBXResourcesBuildPhase section */
		5B76EC811820DD1B00D499EE /* Resources */ = {
			isa = PBXResourcesBuildPhase;
			buildActionMask = 2147483647;
			files = (
				5B4A120118331CAB00C8A950 /* background.png in Resources */,
				5B46E0ED1C2FECD20037426E /* remote.png in Resources */,
				5B4A120218331CAB00C8A950 /* brick.png in Resources */,
				5B4A120318331CAB00C8A950 /* destructibleBrick.png in Resources */,
			);
			runOnlyForDeploymentPostprocessing = 0;
		};
/* End PBXResourcesBuildPhase section */

/* Begin PBXSourcesBuildPhase section */
		5B76EC5E1820DD1B00D499EE /* Sources */ = {
			isa = PBXSourcesBuildPhase;
			buildActionMask = 2147483647;
			files = (
				5BEFA54F1A17E809001D1337 /* Transformer.cpp in Sources */,
				5B2234761A16EEB8005BDA1C /* StringUtils.cpp in Sources */,
				5B3946321C4EEB8A00FA3CDA /* SignalSender.cpp in Sources */,
				5B9E27FB1C514DC800C74CB7 /* MapEditor.cpp in Sources */,
				5B5C97B31B80EC4600C9D6C1 /* EventListener.cpp in Sources */,
				5B0022711A2BE5A7008805D9 /* Enemy.cpp in Sources */,
				5B8997421C35C16E003AB8B0 /* ScreenComponent.cpp in Sources */,
				5BB4D8381B7FE6680066077D /* HudLayer.cpp in Sources */,
				5BE4A21818358FFF00EE49AF /* Brick.cpp in Sources */,
				5B5BB1C71856D5370019CAD1 /* XmlTileMapLoader.cpp in Sources */,
				5B0C65DF182ADDF8003E3BD4 /* Screen.cpp in Sources */,
				5B4C02CE1B805B01003FCB02 /* Color.cpp in Sources */,
				5B0C86861852612C0005CADD /* Player.cpp in Sources */,
				5B3B82DE1857CDC100CECE27 /* TokenFactory.cpp in Sources */,
				5BD6AD171823A36B00E661DA /* tinyxml2.cpp in Sources */,
				5BBFCCA2185FFD910016F56A /* First.cpp in Sources */,
				5BB4D82F1B7FCE380066077D /* ConsoleEvents.cpp in Sources */,
				5B4C02BC1B80527D003FCB02 /* GameLayer.cpp in Sources */,
				5B8997511C366096003AB8B0 /* GameOverCommand.cpp in Sources */,
				5B40BF9E1C44D8B2001A2805 /* LevelListLayer.cpp in Sources */,
				5B4C02C81B80578D003FCB02 /* ConsoleLayer.cpp in Sources */,
				5B5BB1C41856CEDA0019CAD1 /* CommandQueue.cpp in Sources */,
				5B570EFE1C476FEF005B3627 /* PauseMenu.cpp in Sources */,
				5BD6AD0518237F2D00E661DA /* Logger.cpp in Sources */,
				5BF5549B1833F67D00DAC339 /* Log.cpp in Sources */,
				5B9382191B81A75700C42269 /* LoopQuiter.cpp in Sources */,
				5B0EEC2D1820E10A0084C40C /* main.cpp in Sources */,
				5B74B88A1C4DAC2C00E34D17 /* HowToPlay.cpp in Sources */,
				5B3B82D11857A82700CECE27 /* PlayerEvents.cpp in Sources */,
				5B0022831A2C1206008805D9 /* Random.cpp in Sources */,
				5B0496431825D01600C1FBCB /* MainLoop.cpp in Sources */,
				5B9382161B81A37B00C42269 /* QuitCommand.cpp in Sources */,
				5B4479871C50BC3300007754 /* Signal.cpp in Sources */,
				5B92289C1A10898E009ADD10 /* TxtTileMapLoader.cpp in Sources */,
				5B4A120B1833256800C8A950 /* OperatingSystem.cpp in Sources */,
				5B8997491C35C8DF003AB8B0 /* Drawable.cpp in Sources */,
				5B3B82E11857CE3D00CECE27 /* Token.cpp in Sources */,
				5BF5549E1833F70400DAC339 /* LogLevel.cpp in Sources */,
				5B275BFA1C5958D500080BAC /* MenuBar.cpp in Sources */,
				5B275BFD1C59607F00080BAC /* MenuBarEntry.cpp in Sources */,
				5B3B82D51857AB7800CECE27 /* PlayerCommand.cpp in Sources */,
				5B755C771822E81300DADA25 /* Configuration.cpp in Sources */,
				5BB4D82C1B7FB2920066077D /* Item.cpp in Sources */,
				5B4C02CB1B805980003FCB02 /* Font.cpp in Sources */,
				5B00227A1A2BEB8A008805D9 /* DummyTileMapBuilder.cpp in Sources */,
				5B8997461C35C875003AB8B0 /* Updatable.cpp in Sources */,
				5B3946401C4F827300FA3CDA /* MapSetter.cpp in Sources */,
				5B3795CE1820FBAA0050381F /* Texture.cpp in Sources */,
				5BDC7DA5182AA18C0093391D /* Coordinate.cpp in Sources */,
				5B3B82DA1857ACB700CECE27 /* Command.cpp in Sources */,
				5B39463A1C4F711500FA3CDA /* InGameCommandQueue.cpp in Sources */,
				5B1B5F891C461D0200DDB79B /* PointerUtils.cpp in Sources */,
				5B8997431C35C16E003AB8B0 /* ScreenManager.cpp in Sources */,
				5B2174241A1AB20D0033B3AA /* Bomb.cpp in Sources */,
				5BBFCCA6185FFF710016F56A /* CommandFactory.cpp in Sources */,
				5BBFCCA3185FFD910016F56A /* Parser.cpp in Sources */,
				5B87384D184E582B0014D94B /* Rectangle.cpp in Sources */,
				5B3795CA1820F6E60050381F /* TileMap.cpp in Sources */,
				5B25FA311A33D2040068AFC1 /* LoggerFactory.cpp in Sources */,
				5B39462F1C4ED9B100FA3CDA /* SignalHandler.cpp in Sources */,
				5B1015081A26BEE100CCCC77 /* Timer.cpp in Sources */,
				5BB4D8321B7FD2F10066077D /* Console.cpp in Sources */,
				5BBB9E541820EB3F00726BC5 /* Engine.cpp in Sources */,
				5BF149851A1ACEBF003CF6D8 /* Explosion.cpp in Sources */,
				5B1817AA1C305561001CDAD8 /* MainMenuLayer.cpp in Sources */,
			);
			runOnlyForDeploymentPostprocessing = 0;
		};
		5B76EC7F1820DD1B00D499EE /* Sources */ = {
			isa = PBXSourcesBuildPhase;
			buildActionMask = 2147483647;
			files = (
			);
			runOnlyForDeploymentPostprocessing = 0;
		};
/* End PBXSourcesBuildPhase section */

/* Begin PBXTargetDependency section */
		5B76EC881820DD1B00D499EE /* PBXTargetDependency */ = {
			isa = PBXTargetDependency;
			target = 5B76EC611820DD1B00D499EE /* Bomberman */;
			targetProxy = 5B76EC871820DD1B00D499EE /* PBXContainerItemProxy */;
		};
/* End PBXTargetDependency section */

/* Begin XCBuildConfiguration section */
		5B76EC911820DD1B00D499EE /* Debug */ = {
			isa = XCBuildConfiguration;
			buildSettings = {
				ALWAYS_SEARCH_USER_PATHS = NO;
				CLANG_CXX_LANGUAGE_STANDARD = "gnu++0x";
				CLANG_CXX_LIBRARY = "libc++";
				CLANG_ENABLE_OBJC_ARC = YES;
				CLANG_WARN_BOOL_CONVERSION = YES;
				CLANG_WARN_CONSTANT_CONVERSION = YES;
				CLANG_WARN_DIRECT_OBJC_ISA_USAGE = YES_ERROR;
				CLANG_WARN_EMPTY_BODY = YES;
				CLANG_WARN_ENUM_CONVERSION = YES;
				CLANG_WARN_INT_CONVERSION = YES;
				CLANG_WARN_OBJC_ROOT_CLASS = YES_ERROR;
				CLANG_WARN__DUPLICATE_METHOD_MATCH = YES;
				COPY_PHASE_STRIP = NO;
				GCC_C_LANGUAGE_STANDARD = gnu99;
				GCC_DYNAMIC_NO_PIC = NO;
				GCC_ENABLE_OBJC_EXCEPTIONS = YES;
				GCC_OPTIMIZATION_LEVEL = 0;
				GCC_PREPROCESSOR_DEFINITIONS = (
					"DEBUG=1",
					"$(inherited)",
				);
				GCC_SYMBOLS_PRIVATE_EXTERN = NO;
				GCC_WARN_64_TO_32_BIT_CONVERSION = YES;
				GCC_WARN_ABOUT_RETURN_TYPE = YES_ERROR;
				GCC_WARN_UNDECLARED_SELECTOR = YES;
				GCC_WARN_UNINITIALIZED_AUTOS = YES;
				GCC_WARN_UNUSED_FUNCTION = YES;
				GCC_WARN_UNUSED_VARIABLE = YES;
				MACOSX_DEPLOYMENT_TARGET = 10.9;
				ONLY_ACTIVE_ARCH = YES;
				SDKROOT = macosx;
			};
			name = Debug;
		};
		5B76EC921820DD1B00D499EE /* Release */ = {
			isa = XCBuildConfiguration;
			buildSettings = {
				ALWAYS_SEARCH_USER_PATHS = NO;
				CLANG_CXX_LANGUAGE_STANDARD = "gnu++0x";
				CLANG_CXX_LIBRARY = "libc++";
				CLANG_ENABLE_OBJC_ARC = YES;
				CLANG_WARN_BOOL_CONVERSION = YES;
				CLANG_WARN_CONSTANT_CONVERSION = YES;
				CLANG_WARN_DIRECT_OBJC_ISA_USAGE = YES_ERROR;
				CLANG_WARN_EMPTY_BODY = YES;
				CLANG_WARN_ENUM_CONVERSION = YES;
				CLANG_WARN_INT_CONVERSION = YES;
				CLANG_WARN_OBJC_ROOT_CLASS = YES_ERROR;
				CLANG_WARN__DUPLICATE_METHOD_MATCH = YES;
				COPY_PHASE_STRIP = YES;
				DEBUG_INFORMATION_FORMAT = "dwarf-with-dsym";
				ENABLE_NS_ASSERTIONS = NO;
				GCC_C_LANGUAGE_STANDARD = gnu99;
				GCC_ENABLE_OBJC_EXCEPTIONS = YES;
				GCC_WARN_64_TO_32_BIT_CONVERSION = YES;
				GCC_WARN_ABOUT_RETURN_TYPE = YES_ERROR;
				GCC_WARN_UNDECLARED_SELECTOR = YES;
				GCC_WARN_UNINITIALIZED_AUTOS = YES;
				GCC_WARN_UNUSED_FUNCTION = YES;
				GCC_WARN_UNUSED_VARIABLE = YES;
				MACOSX_DEPLOYMENT_TARGET = 10.9;
				SDKROOT = macosx;
			};
			name = Release;
		};
		5B76EC941820DD1B00D499EE /* Debug */ = {
			isa = XCBuildConfiguration;
			buildSettings = {
				ASSETCATALOG_COMPILER_APPICON_NAME = AppIcon;
				COMBINE_HIDPI_IMAGES = YES;
				FRAMEWORK_SEARCH_PATHS = (
					"$(inherited)",
					$SRCROOT,
					"$(PROJECT_DIR)",
				);
				HEADER_SEARCH_PATHS = (
					"$(inherited)",
					/Applications/Xcode.app/Contents/Developer/Toolchains/XcodeDefault.xctoolchain/usr/include,
					"\"$SRCROOT/../libs/\"",
					"\"$SRCROOT/../libs/SDL2\"",
				);
				INFOPLIST_FILE = "$(SRCROOT)/Info.plist";
				LD_RUNPATH_SEARCH_PATHS = "@executable_path/../Frameworks/";
				PRODUCT_NAME = "$(TARGET_NAME)";
				WRAPPER_EXTENSION = app;
			};
			name = Debug;
		};
		5B76EC951820DD1B00D499EE /* Release */ = {
			isa = XCBuildConfiguration;
			buildSettings = {
				ASSETCATALOG_COMPILER_APPICON_NAME = AppIcon;
				COMBINE_HIDPI_IMAGES = YES;
				FRAMEWORK_SEARCH_PATHS = (
					"$(inherited)",
					$SRCROOT,
					"$(PROJECT_DIR)",
				);
				HEADER_SEARCH_PATHS = (
					"$(inherited)",
					/Applications/Xcode.app/Contents/Developer/Toolchains/XcodeDefault.xctoolchain/usr/include,
					"\"$SRCROOT/../libs/\"",
					"\"$SRCROOT/../libs/SDL2\"",
				);
				INFOPLIST_FILE = "$(SRCROOT)/Info.plist";
				LD_RUNPATH_SEARCH_PATHS = "@executable_path/../Frameworks/";
				PRODUCT_NAME = "$(TARGET_NAME)";
				WRAPPER_EXTENSION = app;
			};
			name = Release;
		};
		5B76EC971820DD1B00D499EE /* Debug */ = {
			isa = XCBuildConfiguration;
			buildSettings = {
				BUNDLE_LOADER = "$(BUILT_PRODUCTS_DIR)/Bomberman.app/Contents/MacOS/Bomberman";
				COMBINE_HIDPI_IMAGES = YES;
				FRAMEWORK_SEARCH_PATHS = (
					"$(DEVELOPER_FRAMEWORKS_DIR)",
					"$(inherited)",
				);
				GCC_PRECOMPILE_PREFIX_HEADER = YES;
				GCC_PREFIX_HEADER = "Bomberman/Bomberman-Prefix.pch";
				GCC_PREPROCESSOR_DEFINITIONS = (
					"DEBUG=1",
					"$(inherited)",
				);
				INFOPLIST_FILE = "BombermanTests/BombermanTests-Info.plist";
				PRODUCT_NAME = "$(TARGET_NAME)";
				TEST_HOST = "$(BUNDLE_LOADER)";
				WRAPPER_EXTENSION = xctest;
			};
			name = Debug;
		};
		5B76EC981820DD1B00D499EE /* Release */ = {
			isa = XCBuildConfiguration;
			buildSettings = {
				BUNDLE_LOADER = "$(BUILT_PRODUCTS_DIR)/Bomberman.app/Contents/MacOS/Bomberman";
				COMBINE_HIDPI_IMAGES = YES;
				FRAMEWORK_SEARCH_PATHS = (
					"$(DEVELOPER_FRAMEWORKS_DIR)",
					"$(inherited)",
				);
				GCC_PRECOMPILE_PREFIX_HEADER = YES;
				GCC_PREFIX_HEADER = "Bomberman/Bomberman-Prefix.pch";
				INFOPLIST_FILE = "BombermanTests/BombermanTests-Info.plist";
				PRODUCT_NAME = "$(TARGET_NAME)";
				TEST_HOST = "$(BUNDLE_LOADER)";
				WRAPPER_EXTENSION = xctest;
			};
			name = Release;
		};
/* End XCBuildConfiguration section */

/* Begin XCConfigurationList section */
		5B76EC5D1820DD1B00D499EE /* Build configuration list for PBXProject "Bomberman" */ = {
			isa = XCConfigurationList;
			buildConfigurations = (
				5B76EC911820DD1B00D499EE /* Debug */,
				5B76EC921820DD1B00D499EE /* Release */,
			);
			defaultConfigurationIsVisible = 0;
			defaultConfigurationName = Release;
		};
		5B76EC931820DD1B00D499EE /* Build configuration list for PBXNativeTarget "Bomberman" */ = {
			isa = XCConfigurationList;
			buildConfigurations = (
				5B76EC941820DD1B00D499EE /* Debug */,
				5B76EC951820DD1B00D499EE /* Release */,
			);
			defaultConfigurationIsVisible = 0;
			defaultConfigurationName = Release;
		};
		5B76EC961820DD1B00D499EE /* Build configuration list for PBXNativeTarget "BombermanTests" */ = {
			isa = XCConfigurationList;
			buildConfigurations = (
				5B76EC971820DD1B00D499EE /* Debug */,
				5B76EC981820DD1B00D499EE /* Release */,
			);
			defaultConfigurationIsVisible = 0;
			defaultConfigurationName = Release;
		};
/* End XCConfigurationList section */
	};
	rootObject = 5B76EC5A1820DD1B00D499EE /* Project object */;
}
